
Microsoft Visual Studio Solution File, Format Version 12.00
# Visual Studio Version 17
VisualStudioVersion = 17.0.32014.148
MinimumVisualStudioVersion = 10.0.40219.1
Project("{FAE04EC0-301F-11D3-BF4B-00C04F79EFBC}") = "04. Centuries to Minutes", "04. Centuries to Minutes\04. Centuries to Minutes.csproj", "{B0BC96F3-A431-49F4-9D9B-B3A3BAA123A6}"
EndProject
Global
	GlobalSection(SolutionConfigurationPlatforms) = preSolution
		Debug|Any CPU = Debug|Any CPU
		Release|Any CPU = Release|Any CPU
	EndGlobalSection
	GlobalSection(ProjectConfigurationPlatforms) = postSolution
		{B0BC96F3-A431-49F4-9D9B-B3A3BAA123A6}.Debug|Any CPU.ActiveCfg = Debug|Any CPU
		{B0BC96F3-A431-49F4-9D9B-B3A3BAA123A6}.Debug|Any CPU.Build.0 = Debug|Any CPU
		{B0BC96F3-A431-49F4-9D9B-B3A3BAA123A6}.Release|Any CPU.ActiveCfg = Release|Any CPU
		{B0BC96F3-A431-49F4-9D9B-B3A3BAA123A6}.Release|Any CPU.Build.0 = Release|Any CPU
	EndGlobalSection
	GlobalSection(SolutionProperties) = preSolution
		HideSolutionNode = FALSE
	EndGlobalSection
	GlobalSection(ExtensibilityGlobals) = postSolution
		SolutionGuid = {49E2F0BE-5F65-4586-A553-E2CB007B2C92}
	EndGlobalSection
EndGlobal
