
Microsoft Visual Studio Solution File, Format Version 12.00
# Visual Studio Version 17
VisualStudioVersion = 17.0.32014.148
MinimumVisualStudioVersion = 10.0.40219.1
Project("{FAE04EC0-301F-11D3-BF4B-00C04F79EFBC}") = "04. Print and sum", "04. Print and sum\04. Print and sum.csproj", "{1BB18ECA-84FA-4C54-A8CA-880FD911822F}"
EndProject
Global
	GlobalSection(SolutionConfigurationPlatforms) = preSolution
		Debug|Any CPU = Debug|Any CPU
		Release|Any CPU = Release|Any CPU
	EndGlobalSection
	GlobalSection(ProjectConfigurationPlatforms) = postSolution
		{1BB18ECA-84FA-4C54-A8CA-880FD911822F}.Debug|Any CPU.ActiveCfg = Debug|Any CPU
		{1BB18ECA-84FA-4C54-A8CA-880FD911822F}.Debug|Any CPU.Build.0 = Debug|Any CPU
		{1BB18ECA-84FA-4C54-A8CA-880FD911822F}.Release|Any CPU.ActiveCfg = Release|Any CPU
		{1BB18ECA-84FA-4C54-A8CA-880FD911822F}.Release|Any CPU.Build.0 = Release|Any CPU
	EndGlobalSection
	GlobalSection(SolutionProperties) = preSolution
		HideSolutionNode = FALSE
	EndGlobalSection
	GlobalSection(ExtensibilityGlobals) = postSolution
		SolutionGuid = {071C54CD-C27B-4688-8F80-ADB64AD0FF70}
	EndGlobalSection
EndGlobal
