
Microsoft Visual Studio Solution File, Format Version 12.00
# Visual Studio Version 17
VisualStudioVersion = 17.0.32014.148
MinimumVisualStudioVersion = 10.0.40219.1
Project("{FAE04EC0-301F-11D3-BF4B-00C04F79EFBC}") = "04. Sum of Chars", "04. Sum of Chars\04. Sum of Chars.csproj", "{1259A4EB-B4F2-49EF-8E50-2FB6B20C2A18}"
EndProject
Global
	GlobalSection(SolutionConfigurationPlatforms) = preSolution
		Debug|Any CPU = Debug|Any CPU
		Release|Any CPU = Release|Any CPU
	EndGlobalSection
	GlobalSection(ProjectConfigurationPlatforms) = postSolution
		{1259A4EB-B4F2-49EF-8E50-2FB6B20C2A18}.Debug|Any CPU.ActiveCfg = Debug|Any CPU
		{1259A4EB-B4F2-49EF-8E50-2FB6B20C2A18}.Debug|Any CPU.Build.0 = Debug|Any CPU
		{1259A4EB-B4F2-49EF-8E50-2FB6B20C2A18}.Release|Any CPU.ActiveCfg = Release|Any CPU
		{1259A4EB-B4F2-49EF-8E50-2FB6B20C2A18}.Release|Any CPU.Build.0 = Release|Any CPU
	EndGlobalSection
	GlobalSection(SolutionProperties) = preSolution
		HideSolutionNode = FALSE
	EndGlobalSection
	GlobalSection(ExtensibilityGlobals) = postSolution
		SolutionGuid = {67B1F134-246E-4B6D-A454-09B1D28E8411}
	EndGlobalSection
EndGlobal
