
Microsoft Visual Studio Solution File, Format Version 12.00
# Visual Studio Version 17
VisualStudioVersion = 17.0.32014.148
MinimumVisualStudioVersion = 10.0.40219.1
Project("{FAE04EC0-301F-11D3-BF4B-00C04F79EFBC}") = "05. Messages", "05. Messages\05. Messages.csproj", "{3E286C17-A603-4B6B-8F70-F50EAB598A30}"
EndProject
Global
	GlobalSection(SolutionConfigurationPlatforms) = preSolution
		Debug|Any CPU = Debug|Any CPU
		Release|Any CPU = Release|Any CPU
	EndGlobalSection
	GlobalSection(ProjectConfigurationPlatforms) = postSolution
		{3E286C17-A603-4B6B-8F70-F50EAB598A30}.Debug|Any CPU.ActiveCfg = Debug|Any CPU
		{3E286C17-A603-4B6B-8F70-F50EAB598A30}.Debug|Any CPU.Build.0 = Debug|Any CPU
		{3E286C17-A603-4B6B-8F70-F50EAB598A30}.Release|Any CPU.ActiveCfg = Release|Any CPU
		{3E286C17-A603-4B6B-8F70-F50EAB598A30}.Release|Any CPU.Build.0 = Release|Any CPU
	EndGlobalSection
	GlobalSection(SolutionProperties) = preSolution
		HideSolutionNode = FALSE
	EndGlobalSection
	GlobalSection(ExtensibilityGlobals) = postSolution
		SolutionGuid = {289A4C58-0AD3-45CB-ADD1-ABE04BC7A43F}
	EndGlobalSection
EndGlobal
