
Microsoft Visual Studio Solution File, Format Version 12.00
# Visual Studio Version 17
VisualStudioVersion = 17.0.32014.148
MinimumVisualStudioVersion = 10.0.40219.1
Project("{FAE04EC0-301F-11D3-BF4B-00C04F79EFBC}") = "04. List of Products", "04. List of Products\04. List of Products.csproj", "{4CFAFA05-96EA-45A1-ABC4-1178BB27E7D4}"
EndProject
Global
	GlobalSection(SolutionConfigurationPlatforms) = preSolution
		Debug|Any CPU = Debug|Any CPU
		Release|Any CPU = Release|Any CPU
	EndGlobalSection
	GlobalSection(ProjectConfigurationPlatforms) = postSolution
		{4CFAFA05-96EA-45A1-ABC4-1178BB27E7D4}.Debug|Any CPU.ActiveCfg = Debug|Any CPU
		{4CFAFA05-96EA-45A1-ABC4-1178BB27E7D4}.Debug|Any CPU.Build.0 = Debug|Any CPU
		{4CFAFA05-96EA-45A1-ABC4-1178BB27E7D4}.Release|Any CPU.ActiveCfg = Release|Any CPU
		{4CFAFA05-96EA-45A1-ABC4-1178BB27E7D4}.Release|Any CPU.Build.0 = Release|Any CPU
	EndGlobalSection
	GlobalSection(SolutionProperties) = preSolution
		HideSolutionNode = FALSE
	EndGlobalSection
	GlobalSection(ExtensibilityGlobals) = postSolution
		SolutionGuid = {4EE3F5EC-5C10-42BD-8C6A-F8EA2F2F733E}
	EndGlobalSection
EndGlobal
