
Microsoft Visual Studio Solution File, Format Version 12.00
# Visual Studio Version 17
VisualStudioVersion = 17.0.32014.148
MinimumVisualStudioVersion = 10.0.40219.1
Project("{FAE04EC0-301F-11D3-BF4B-00C04F79EFBC}") = "04. List of Products", "04. List of Products\04. List of Products.csproj", "{769FBB81-6F4E-453C-89BC-B009AB1F29F4}"
EndProject
Global
	GlobalSection(SolutionConfigurationPlatforms) = preSolution
		Debug|Any CPU = Debug|Any CPU
		Release|Any CPU = Release|Any CPU
	EndGlobalSection
	GlobalSection(ProjectConfigurationPlatforms) = postSolution
		{769FBB81-6F4E-453C-89BC-B009AB1F29F4}.Debug|Any CPU.ActiveCfg = Debug|Any CPU
		{769FBB81-6F4E-453C-89BC-B009AB1F29F4}.Debug|Any CPU.Build.0 = Debug|Any CPU
		{769FBB81-6F4E-453C-89BC-B009AB1F29F4}.Release|Any CPU.ActiveCfg = Release|Any CPU
		{769FBB81-6F4E-453C-89BC-B009AB1F29F4}.Release|Any CPU.Build.0 = Release|Any CPU
	EndGlobalSection
	GlobalSection(SolutionProperties) = preSolution
		HideSolutionNode = FALSE
	EndGlobalSection
	GlobalSection(ExtensibilityGlobals) = postSolution
		SolutionGuid = {1E11F13E-F69D-47A4-9653-129573EBE26C}
	EndGlobalSection
EndGlobal
