
Microsoft Visual Studio Solution File, Format Version 12.00
# Visual Studio Version 17
VisualStudioVersion = 17.0.32014.148
MinimumVisualStudioVersion = 10.0.40219.1
Project("{FAE04EC0-301F-11D3-BF4B-00C04F79EFBC}") = "02. Coffee Lover", "02. Coffee Lover\02. Coffee Lover.csproj", "{0542EA0A-1C40-4312-A2A0-6F7D38A33551}"
EndProject
Global
	GlobalSection(SolutionConfigurationPlatforms) = preSolution
		Debug|Any CPU = Debug|Any CPU
		Release|Any CPU = Release|Any CPU
	EndGlobalSection
	GlobalSection(ProjectConfigurationPlatforms) = postSolution
		{0542EA0A-1C40-4312-A2A0-6F7D38A33551}.Debug|Any CPU.ActiveCfg = Debug|Any CPU
		{0542EA0A-1C40-4312-A2A0-6F7D38A33551}.Debug|Any CPU.Build.0 = Debug|Any CPU
		{0542EA0A-1C40-4312-A2A0-6F7D38A33551}.Release|Any CPU.ActiveCfg = Release|Any CPU
		{0542EA0A-1C40-4312-A2A0-6F7D38A33551}.Release|Any CPU.Build.0 = Release|Any CPU
	EndGlobalSection
	GlobalSection(SolutionProperties) = preSolution
		HideSolutionNode = FALSE
	EndGlobalSection
	GlobalSection(ExtensibilityGlobals) = postSolution
		SolutionGuid = {8397387D-8EBE-45F0-B8C0-98372D12DF88}
	EndGlobalSection
EndGlobal
