
Microsoft Visual Studio Solution File, Format Version 12.00
# Visual Studio Version 17
VisualStudioVersion = 17.0.32014.148
MinimumVisualStudioVersion = 10.0.40219.1
Project("{FAE04EC0-301F-11D3-BF4B-00C04F79EFBC}") = "02. Shopping List", "02. Shopping List\02. Shopping List.csproj", "{CC6365AA-DA0E-4CC8-8AF2-42D2E24FB490}"
EndProject
Global
	GlobalSection(SolutionConfigurationPlatforms) = preSolution
		Debug|Any CPU = Debug|Any CPU
		Release|Any CPU = Release|Any CPU
	EndGlobalSection
	GlobalSection(ProjectConfigurationPlatforms) = postSolution
		{CC6365AA-DA0E-4CC8-8AF2-42D2E24FB490}.Debug|Any CPU.ActiveCfg = Debug|Any CPU
		{CC6365AA-DA0E-4CC8-8AF2-42D2E24FB490}.Debug|Any CPU.Build.0 = Debug|Any CPU
		{CC6365AA-DA0E-4CC8-8AF2-42D2E24FB490}.Release|Any CPU.ActiveCfg = Release|Any CPU
		{CC6365AA-DA0E-4CC8-8AF2-42D2E24FB490}.Release|Any CPU.Build.0 = Release|Any CPU
	EndGlobalSection
	GlobalSection(SolutionProperties) = preSolution
		HideSolutionNode = FALSE
	EndGlobalSection
	GlobalSection(ExtensibilityGlobals) = postSolution
		SolutionGuid = {8A118631-33B5-4F08-9FBB-FA24292406B4}
	EndGlobalSection
EndGlobal
