
Microsoft Visual Studio Solution File, Format Version 12.00
# Visual Studio Version 17
VisualStudioVersion = 17.0.32014.148
MinimumVisualStudioVersion = 10.0.40219.1
Project("{FAE04EC0-301F-11D3-BF4B-00C04F79EFBC}") = "06. Extract Emails", "06. Extract Emails\06. Extract Emails.csproj", "{C4C805FD-BF56-4A1B-AB66-8F5E6802D5D0}"
EndProject
Global
	GlobalSection(SolutionConfigurationPlatforms) = preSolution
		Debug|Any CPU = Debug|Any CPU
		Release|Any CPU = Release|Any CPU
	EndGlobalSection
	GlobalSection(ProjectConfigurationPlatforms) = postSolution
		{C4C805FD-BF56-4A1B-AB66-8F5E6802D5D0}.Debug|Any CPU.ActiveCfg = Debug|Any CPU
		{C4C805FD-BF56-4A1B-AB66-8F5E6802D5D0}.Debug|Any CPU.Build.0 = Debug|Any CPU
		{C4C805FD-BF56-4A1B-AB66-8F5E6802D5D0}.Release|Any CPU.ActiveCfg = Release|Any CPU
		{C4C805FD-BF56-4A1B-AB66-8F5E6802D5D0}.Release|Any CPU.Build.0 = Release|Any CPU
	EndGlobalSection
	GlobalSection(SolutionProperties) = preSolution
		HideSolutionNode = FALSE
	EndGlobalSection
	GlobalSection(ExtensibilityGlobals) = postSolution
		SolutionGuid = {E2E7D7CF-37CC-48CD-A1FF-26DE2B79B0EE}
	EndGlobalSection
EndGlobal
