
Microsoft Visual Studio Solution File, Format Version 12.00
# Visual Studio Version 17
VisualStudioVersion = 17.0.32014.148
MinimumVisualStudioVersion = 10.0.40219.1
Project("{FAE04EC0-301F-11D3-BF4B-00C04F79EFBC}") = "07. Repeat String", "07. Repeat String\07. Repeat String.csproj", "{3276E992-CB0C-4FFC-90CF-F7880FE23783}"
EndProject
Global
	GlobalSection(SolutionConfigurationPlatforms) = preSolution
		Debug|Any CPU = Debug|Any CPU
		Release|Any CPU = Release|Any CPU
	EndGlobalSection
	GlobalSection(ProjectConfigurationPlatforms) = postSolution
		{3276E992-CB0C-4FFC-90CF-F7880FE23783}.Debug|Any CPU.ActiveCfg = Debug|Any CPU
		{3276E992-CB0C-4FFC-90CF-F7880FE23783}.Debug|Any CPU.Build.0 = Debug|Any CPU
		{3276E992-CB0C-4FFC-90CF-F7880FE23783}.Release|Any CPU.ActiveCfg = Release|Any CPU
		{3276E992-CB0C-4FFC-90CF-F7880FE23783}.Release|Any CPU.Build.0 = Release|Any CPU
	EndGlobalSection
	GlobalSection(SolutionProperties) = preSolution
		HideSolutionNode = FALSE
	EndGlobalSection
	GlobalSection(ExtensibilityGlobals) = postSolution
		SolutionGuid = {087A09A4-009A-4A66-929E-BF6996FC4E84}
	EndGlobalSection
EndGlobal
