
Microsoft Visual Studio Solution File, Format Version 12.00
# Visual Studio Version 17
VisualStudioVersion = 17.0.32014.148
MinimumVisualStudioVersion = 10.0.40219.1
Project("{FAE04EC0-301F-11D3-BF4B-00C04F79EFBC}") = "03. Zig-Zag Arrays", "03. Zig-Zag Arrays\03. Zig-Zag Arrays.csproj", "{CFEA8B8B-B346-4CCE-9CAA-E2FABD53B246}"
EndProject
Global
	GlobalSection(SolutionConfigurationPlatforms) = preSolution
		Debug|Any CPU = Debug|Any CPU
		Release|Any CPU = Release|Any CPU
	EndGlobalSection
	GlobalSection(ProjectConfigurationPlatforms) = postSolution
		{CFEA8B8B-B346-4CCE-9CAA-E2FABD53B246}.Debug|Any CPU.ActiveCfg = Debug|Any CPU
		{CFEA8B8B-B346-4CCE-9CAA-E2FABD53B246}.Debug|Any CPU.Build.0 = Debug|Any CPU
		{CFEA8B8B-B346-4CCE-9CAA-E2FABD53B246}.Release|Any CPU.ActiveCfg = Release|Any CPU
		{CFEA8B8B-B346-4CCE-9CAA-E2FABD53B246}.Release|Any CPU.Build.0 = Release|Any CPU
	EndGlobalSection
	GlobalSection(SolutionProperties) = preSolution
		HideSolutionNode = FALSE
	EndGlobalSection
	GlobalSection(ExtensibilityGlobals) = postSolution
		SolutionGuid = {490FD794-7D16-4ED5-9155-6E83BC7D2718}
	EndGlobalSection
EndGlobal
