
Microsoft Visual Studio Solution File, Format Version 12.00
# Visual Studio Version 17
VisualStudioVersion = 17.0.32014.148
MinimumVisualStudioVersion = 10.0.40219.1
Project("{FAE04EC0-301F-11D3-BF4B-00C04F79EFBC}") = "03. SoftUni Bar Income", "03. SoftUni Bar Income\03. SoftUni Bar Income.csproj", "{FF10556C-9379-4838-A95B-8B72669F522A}"
EndProject
Global
	GlobalSection(SolutionConfigurationPlatforms) = preSolution
		Debug|Any CPU = Debug|Any CPU
		Release|Any CPU = Release|Any CPU
	EndGlobalSection
	GlobalSection(ProjectConfigurationPlatforms) = postSolution
		{FF10556C-9379-4838-A95B-8B72669F522A}.Debug|Any CPU.ActiveCfg = Debug|Any CPU
		{FF10556C-9379-4838-A95B-8B72669F522A}.Debug|Any CPU.Build.0 = Debug|Any CPU
		{FF10556C-9379-4838-A95B-8B72669F522A}.Release|Any CPU.ActiveCfg = Release|Any CPU
		{FF10556C-9379-4838-A95B-8B72669F522A}.Release|Any CPU.Build.0 = Release|Any CPU
	EndGlobalSection
	GlobalSection(SolutionProperties) = preSolution
		HideSolutionNode = FALSE
	EndGlobalSection
	GlobalSection(ExtensibilityGlobals) = postSolution
		SolutionGuid = {9914354C-5D1D-4A6C-B661-716CDC9EB7B3}
	EndGlobalSection
EndGlobal
