
Microsoft Visual Studio Solution File, Format Version 12.00
# Visual Studio Version 17
VisualStudioVersion = 17.0.32014.148
MinimumVisualStudioVersion = 10.0.40219.1
Project("{FAE04EC0-301F-11D3-BF4B-00C04F79EFBC}") = "03. Orders", "03. Orders\03. Orders.csproj", "{4C2EDC4A-95E7-453D-A5DE-B2DFB5F5F60D}"
EndProject
Global
	GlobalSection(SolutionConfigurationPlatforms) = preSolution
		Debug|Any CPU = Debug|Any CPU
		Release|Any CPU = Release|Any CPU
	EndGlobalSection
	GlobalSection(ProjectConfigurationPlatforms) = postSolution
		{4C2EDC4A-95E7-453D-A5DE-B2DFB5F5F60D}.Debug|Any CPU.ActiveCfg = Debug|Any CPU
		{4C2EDC4A-95E7-453D-A5DE-B2DFB5F5F60D}.Debug|Any CPU.Build.0 = Debug|Any CPU
		{4C2EDC4A-95E7-453D-A5DE-B2DFB5F5F60D}.Release|Any CPU.ActiveCfg = Release|Any CPU
		{4C2EDC4A-95E7-453D-A5DE-B2DFB5F5F60D}.Release|Any CPU.Build.0 = Release|Any CPU
	EndGlobalSection
	GlobalSection(SolutionProperties) = preSolution
		HideSolutionNode = FALSE
	EndGlobalSection
	GlobalSection(ExtensibilityGlobals) = postSolution
		SolutionGuid = {B0FB7DE6-36E0-4606-A844-D17AA71222F3}
	EndGlobalSection
EndGlobal
