
Microsoft Visual Studio Solution File, Format Version 12.00
# Visual Studio Version 17
VisualStudioVersion = 17.0.32014.148
MinimumVisualStudioVersion = 10.0.40219.1
Project("{FAE04EC0-301F-11D3-BF4B-00C04F79EFBC}") = "03. Inventory", "03. Inventory\03. Inventory.csproj", "{1A40E97F-0EBE-4B17-A544-F1CF2BB38593}"
EndProject
Global
	GlobalSection(SolutionConfigurationPlatforms) = preSolution
		Debug|Any CPU = Debug|Any CPU
		Release|Any CPU = Release|Any CPU
	EndGlobalSection
	GlobalSection(ProjectConfigurationPlatforms) = postSolution
		{1A40E97F-0EBE-4B17-A544-F1CF2BB38593}.Debug|Any CPU.ActiveCfg = Debug|Any CPU
		{1A40E97F-0EBE-4B17-A544-F1CF2BB38593}.Debug|Any CPU.Build.0 = Debug|Any CPU
		{1A40E97F-0EBE-4B17-A544-F1CF2BB38593}.Release|Any CPU.ActiveCfg = Release|Any CPU
		{1A40E97F-0EBE-4B17-A544-F1CF2BB38593}.Release|Any CPU.Build.0 = Release|Any CPU
	EndGlobalSection
	GlobalSection(SolutionProperties) = preSolution
		HideSolutionNode = FALSE
	EndGlobalSection
	GlobalSection(ExtensibilityGlobals) = postSolution
		SolutionGuid = {56428B9F-F0F0-40D7-8019-FD0D32F794C7}
	EndGlobalSection
EndGlobal
