
Microsoft Visual Studio Solution File, Format Version 12.00
# Visual Studio Version 17
VisualStudioVersion = 17.0.32014.148
MinimumVisualStudioVersion = 10.0.40219.1
Project("{FAE04EC0-301F-11D3-BF4B-00C04F79EFBC}") = "03. Vacation", "03. Vacation\03. Vacation.csproj", "{C79D8A68-E0F0-4618-BD81-7A57A62CFE3F}"
EndProject
Global
	GlobalSection(SolutionConfigurationPlatforms) = preSolution
		Debug|Any CPU = Debug|Any CPU
		Release|Any CPU = Release|Any CPU
	EndGlobalSection
	GlobalSection(ProjectConfigurationPlatforms) = postSolution
		{C79D8A68-E0F0-4618-BD81-7A57A62CFE3F}.Debug|Any CPU.ActiveCfg = Debug|Any CPU
		{C79D8A68-E0F0-4618-BD81-7A57A62CFE3F}.Debug|Any CPU.Build.0 = Debug|Any CPU
		{C79D8A68-E0F0-4618-BD81-7A57A62CFE3F}.Release|Any CPU.ActiveCfg = Release|Any CPU
		{C79D8A68-E0F0-4618-BD81-7A57A62CFE3F}.Release|Any CPU.Build.0 = Release|Any CPU
	EndGlobalSection
	GlobalSection(SolutionProperties) = preSolution
		HideSolutionNode = FALSE
	EndGlobalSection
	GlobalSection(ExtensibilityGlobals) = postSolution
		SolutionGuid = {7AC640F5-2486-4DF9-B930-BE6526F6830B}
	EndGlobalSection
EndGlobal
