
Microsoft Visual Studio Solution File, Format Version 12.00
# Visual Studio Version 17
VisualStudioVersion = 17.0.32014.148
MinimumVisualStudioVersion = 10.0.40219.1
Project("{FAE04EC0-301F-11D3-BF4B-00C04F79EFBC}") = "11. Refactor Volume of Pyramid", "11. Refactor Volume of Pyramid\11. Refactor Volume of Pyramid.csproj", "{A89BB8DE-6394-4623-966B-63BE427A5D29}"
EndProject
Global
	GlobalSection(SolutionConfigurationPlatforms) = preSolution
		Debug|Any CPU = Debug|Any CPU
		Release|Any CPU = Release|Any CPU
	EndGlobalSection
	GlobalSection(ProjectConfigurationPlatforms) = postSolution
		{A89BB8DE-6394-4623-966B-63BE427A5D29}.Debug|Any CPU.ActiveCfg = Debug|Any CPU
		{A89BB8DE-6394-4623-966B-63BE427A5D29}.Debug|Any CPU.Build.0 = Debug|Any CPU
		{A89BB8DE-6394-4623-966B-63BE427A5D29}.Release|Any CPU.ActiveCfg = Release|Any CPU
		{A89BB8DE-6394-4623-966B-63BE427A5D29}.Release|Any CPU.Build.0 = Release|Any CPU
	EndGlobalSection
	GlobalSection(SolutionProperties) = preSolution
		HideSolutionNode = FALSE
	EndGlobalSection
	GlobalSection(ExtensibilityGlobals) = postSolution
		SolutionGuid = {A3051BCB-5EBA-45C1-8A5F-733CDDF78E7A}
	EndGlobalSection
EndGlobal
