
Microsoft Visual Studio Solution File, Format Version 12.00
# Visual Studio Version 17
VisualStudioVersion = 17.0.32014.148
MinimumVisualStudioVersion = 10.0.40219.1
Project("{FAE04EC0-301F-11D3-BF4B-00C04F79EFBC}") = "4. Santa's Secret Helper", "4. Santa's Secret Helper\4. Santa's Secret Helper.csproj", "{1695193E-BEA3-40CD-A9A8-5CDC20DA35AF}"
EndProject
Global
	GlobalSection(SolutionConfigurationPlatforms) = preSolution
		Debug|Any CPU = Debug|Any CPU
		Release|Any CPU = Release|Any CPU
	EndGlobalSection
	GlobalSection(ProjectConfigurationPlatforms) = postSolution
		{1695193E-BEA3-40CD-A9A8-5CDC20DA35AF}.Debug|Any CPU.ActiveCfg = Debug|Any CPU
		{1695193E-BEA3-40CD-A9A8-5CDC20DA35AF}.Debug|Any CPU.Build.0 = Debug|Any CPU
		{1695193E-BEA3-40CD-A9A8-5CDC20DA35AF}.Release|Any CPU.ActiveCfg = Release|Any CPU
		{1695193E-BEA3-40CD-A9A8-5CDC20DA35AF}.Release|Any CPU.Build.0 = Release|Any CPU
	EndGlobalSection
	GlobalSection(SolutionProperties) = preSolution
		HideSolutionNode = FALSE
	EndGlobalSection
	GlobalSection(ExtensibilityGlobals) = postSolution
		SolutionGuid = {0756CF05-99C4-4422-B960-FA76CDF56428}
	EndGlobalSection
EndGlobal
