
Microsoft Visual Studio Solution File, Format Version 12.00
# Visual Studio Version 17
VisualStudioVersion = 17.0.32014.148
MinimumVisualStudioVersion = 10.0.40219.1
Project("{FAE04EC0-301F-11D3-BF4B-00C04F79EFBC}") = "06. Even and Odd Subtraction", "06. Even and Odd Subtraction\06. Even and Odd Subtraction.csproj", "{551BA17B-378B-4231-809E-6F8CBEC65386}"
EndProject
Global
	GlobalSection(SolutionConfigurationPlatforms) = preSolution
		Debug|Any CPU = Debug|Any CPU
		Release|Any CPU = Release|Any CPU
	EndGlobalSection
	GlobalSection(ProjectConfigurationPlatforms) = postSolution
		{551BA17B-378B-4231-809E-6F8CBEC65386}.Debug|Any CPU.ActiveCfg = Debug|Any CPU
		{551BA17B-378B-4231-809E-6F8CBEC65386}.Debug|Any CPU.Build.0 = Debug|Any CPU
		{551BA17B-378B-4231-809E-6F8CBEC65386}.Release|Any CPU.ActiveCfg = Release|Any CPU
		{551BA17B-378B-4231-809E-6F8CBEC65386}.Release|Any CPU.Build.0 = Release|Any CPU
	EndGlobalSection
	GlobalSection(SolutionProperties) = preSolution
		HideSolutionNode = FALSE
	EndGlobalSection
	GlobalSection(ExtensibilityGlobals) = postSolution
		SolutionGuid = {E6F5D219-8DA9-499E-9922-1D8821D7B851}
	EndGlobalSection
EndGlobal
