
Microsoft Visual Studio Solution File, Format Version 12.00
# Visual Studio Version 17
VisualStudioVersion = 17.0.32014.148
MinimumVisualStudioVersion = 10.0.40219.1
Project("{FAE04EC0-301F-11D3-BF4B-00C04F79EFBC}") = "08. Factorial Division", "08. Factorial Division\08. Factorial Division.csproj", "{46763C9B-4904-4E77-B6CF-2F12CC22EA04}"
EndProject
Global
	GlobalSection(SolutionConfigurationPlatforms) = preSolution
		Debug|Any CPU = Debug|Any CPU
		Release|Any CPU = Release|Any CPU
	EndGlobalSection
	GlobalSection(ProjectConfigurationPlatforms) = postSolution
		{46763C9B-4904-4E77-B6CF-2F12CC22EA04}.Debug|Any CPU.ActiveCfg = Debug|Any CPU
		{46763C9B-4904-4E77-B6CF-2F12CC22EA04}.Debug|Any CPU.Build.0 = Debug|Any CPU
		{46763C9B-4904-4E77-B6CF-2F12CC22EA04}.Release|Any CPU.ActiveCfg = Release|Any CPU
		{46763C9B-4904-4E77-B6CF-2F12CC22EA04}.Release|Any CPU.Build.0 = Release|Any CPU
	EndGlobalSection
	GlobalSection(SolutionProperties) = preSolution
		HideSolutionNode = FALSE
	EndGlobalSection
	GlobalSection(ExtensibilityGlobals) = postSolution
		SolutionGuid = {D4D664BC-80E2-4B16-A368-E758EC4D8E6E}
	EndGlobalSection
EndGlobal
