
Microsoft Visual Studio Solution File, Format Version 12.00
# Visual Studio Version 17
VisualStudioVersion = 17.0.32014.148
MinimumVisualStudioVersion = 10.0.40219.1
Project("{FAE04EC0-301F-11D3-BF4B-00C04F79EFBC}") = "01. Count Chars in a String", "01. Count Chars in a String\01. Count Chars in a String.csproj", "{56763013-38EC-40E5-9D7C-8C46D7C1F59E}"
EndProject
Global
	GlobalSection(SolutionConfigurationPlatforms) = preSolution
		Debug|Any CPU = Debug|Any CPU
		Release|Any CPU = Release|Any CPU
	EndGlobalSection
	GlobalSection(ProjectConfigurationPlatforms) = postSolution
		{56763013-38EC-40E5-9D7C-8C46D7C1F59E}.Debug|Any CPU.ActiveCfg = Debug|Any CPU
		{56763013-38EC-40E5-9D7C-8C46D7C1F59E}.Debug|Any CPU.Build.0 = Debug|Any CPU
		{56763013-38EC-40E5-9D7C-8C46D7C1F59E}.Release|Any CPU.ActiveCfg = Release|Any CPU
		{56763013-38EC-40E5-9D7C-8C46D7C1F59E}.Release|Any CPU.Build.0 = Release|Any CPU
	EndGlobalSection
	GlobalSection(SolutionProperties) = preSolution
		HideSolutionNode = FALSE
	EndGlobalSection
	GlobalSection(ExtensibilityGlobals) = postSolution
		SolutionGuid = {E345E138-D047-43C8-B5FD-EDFD24FFFD53}
	EndGlobalSection
EndGlobal
