
Microsoft Visual Studio Solution File, Format Version 12.00
# Visual Studio Version 17
VisualStudioVersion = 17.0.32014.148
MinimumVisualStudioVersion = 10.0.40219.1
Project("{FAE04EC0-301F-11D3-BF4B-00C04F79EFBC}") = "3. Post Office", "3. Post Office\3. Post Office.csproj", "{750F2291-B204-4C70-B6BE-23BB63B4F499}"
EndProject
Global
	GlobalSection(SolutionConfigurationPlatforms) = preSolution
		Debug|Any CPU = Debug|Any CPU
		Release|Any CPU = Release|Any CPU
	EndGlobalSection
	GlobalSection(ProjectConfigurationPlatforms) = postSolution
		{750F2291-B204-4C70-B6BE-23BB63B4F499}.Debug|Any CPU.ActiveCfg = Debug|Any CPU
		{750F2291-B204-4C70-B6BE-23BB63B4F499}.Debug|Any CPU.Build.0 = Debug|Any CPU
		{750F2291-B204-4C70-B6BE-23BB63B4F499}.Release|Any CPU.ActiveCfg = Release|Any CPU
		{750F2291-B204-4C70-B6BE-23BB63B4F499}.Release|Any CPU.Build.0 = Release|Any CPU
	EndGlobalSection
	GlobalSection(SolutionProperties) = preSolution
		HideSolutionNode = FALSE
	EndGlobalSection
	GlobalSection(ExtensibilityGlobals) = postSolution
		SolutionGuid = {C3B468A0-E235-4B1C-9284-8E55EF0A02F2}
	EndGlobalSection
EndGlobal
