
Microsoft Visual Studio Solution File, Format Version 12.00
# Visual Studio Version 17
VisualStudioVersion = 17.0.32014.148
MinimumVisualStudioVersion = 10.0.40219.1
Project("{FAE04EC0-301F-11D3-BF4B-00C04F79EFBC}") = "08. Town Info", "08. Town Info\08. Town Info.csproj", "{B7411458-5451-4E52-825F-1E5C9CCC5C7E}"
EndProject
Global
	GlobalSection(SolutionConfigurationPlatforms) = preSolution
		Debug|Any CPU = Debug|Any CPU
		Release|Any CPU = Release|Any CPU
	EndGlobalSection
	GlobalSection(ProjectConfigurationPlatforms) = postSolution
		{B7411458-5451-4E52-825F-1E5C9CCC5C7E}.Debug|Any CPU.ActiveCfg = Debug|Any CPU
		{B7411458-5451-4E52-825F-1E5C9CCC5C7E}.Debug|Any CPU.Build.0 = Debug|Any CPU
		{B7411458-5451-4E52-825F-1E5C9CCC5C7E}.Release|Any CPU.ActiveCfg = Release|Any CPU
		{B7411458-5451-4E52-825F-1E5C9CCC5C7E}.Release|Any CPU.Build.0 = Release|Any CPU
	EndGlobalSection
	GlobalSection(SolutionProperties) = preSolution
		HideSolutionNode = FALSE
	EndGlobalSection
	GlobalSection(ExtensibilityGlobals) = postSolution
		SolutionGuid = {9802B851-1996-462A-8D43-768B3ACEBF05}
	EndGlobalSection
EndGlobal
