
Microsoft Visual Studio Solution File, Format Version 12.00
# Visual Studio Version 17
VisualStudioVersion = 17.0.32014.148
MinimumVisualStudioVersion = 10.0.40219.1
Project("{FAE04EC0-301F-11D3-BF4B-00C04F79EFBC}") = "05. Decrypting Message", "05. Decrypting Message\05. Decrypting Message.csproj", "{D1D6E151-996D-4084-9218-1132E57347D4}"
EndProject
Global
	GlobalSection(SolutionConfigurationPlatforms) = preSolution
		Debug|Any CPU = Debug|Any CPU
		Release|Any CPU = Release|Any CPU
	EndGlobalSection
	GlobalSection(ProjectConfigurationPlatforms) = postSolution
		{D1D6E151-996D-4084-9218-1132E57347D4}.Debug|Any CPU.ActiveCfg = Debug|Any CPU
		{D1D6E151-996D-4084-9218-1132E57347D4}.Debug|Any CPU.Build.0 = Debug|Any CPU
		{D1D6E151-996D-4084-9218-1132E57347D4}.Release|Any CPU.ActiveCfg = Release|Any CPU
		{D1D6E151-996D-4084-9218-1132E57347D4}.Release|Any CPU.Build.0 = Release|Any CPU
	EndGlobalSection
	GlobalSection(SolutionProperties) = preSolution
		HideSolutionNode = FALSE
	EndGlobalSection
	GlobalSection(ExtensibilityGlobals) = postSolution
		SolutionGuid = {6603C3AA-7A2C-4D13-B5C2-9D8B565BC9E9}
	EndGlobalSection
EndGlobal
