
Microsoft Visual Studio Solution File, Format Version 12.00
# Visual Studio Version 17
VisualStudioVersion = 17.0.32014.148
MinimumVisualStudioVersion = 10.0.40219.1
Project("{FAE04EC0-301F-11D3-BF4B-00C04F79EFBC}") = "04. Printing Triangle", "04. Printing Triangle\04. Printing Triangle.csproj", "{E9F4860E-633A-453F-BBB5-0661772BAE08}"
EndProject
Global
	GlobalSection(SolutionConfigurationPlatforms) = preSolution
		Debug|Any CPU = Debug|Any CPU
		Release|Any CPU = Release|Any CPU
	EndGlobalSection
	GlobalSection(ProjectConfigurationPlatforms) = postSolution
		{E9F4860E-633A-453F-BBB5-0661772BAE08}.Debug|Any CPU.ActiveCfg = Debug|Any CPU
		{E9F4860E-633A-453F-BBB5-0661772BAE08}.Debug|Any CPU.Build.0 = Debug|Any CPU
		{E9F4860E-633A-453F-BBB5-0661772BAE08}.Release|Any CPU.ActiveCfg = Release|Any CPU
		{E9F4860E-633A-453F-BBB5-0661772BAE08}.Release|Any CPU.Build.0 = Release|Any CPU
	EndGlobalSection
	GlobalSection(SolutionProperties) = preSolution
		HideSolutionNode = FALSE
	EndGlobalSection
	GlobalSection(ExtensibilityGlobals) = postSolution
		SolutionGuid = {DA918C69-4BB4-499D-9130-12972C4F09F1}
	EndGlobalSection
EndGlobal
