
Microsoft Visual Studio Solution File, Format Version 12.00
# Visual Studio Version 17
VisualStudioVersion = 17.0.32014.148
MinimumVisualStudioVersion = 10.0.40219.1
Project("{FAE04EC0-301F-11D3-BF4B-00C04F79EFBC}") = "01. Ages", "01. Ages\01. Ages.csproj", "{00DBEE7B-E21E-4E44-BCFF-96C750BAA2FC}"
EndProject
Global
	GlobalSection(SolutionConfigurationPlatforms) = preSolution
		Debug|Any CPU = Debug|Any CPU
		Release|Any CPU = Release|Any CPU
	EndGlobalSection
	GlobalSection(ProjectConfigurationPlatforms) = postSolution
		{00DBEE7B-E21E-4E44-BCFF-96C750BAA2FC}.Debug|Any CPU.ActiveCfg = Debug|Any CPU
		{00DBEE7B-E21E-4E44-BCFF-96C750BAA2FC}.Debug|Any CPU.Build.0 = Debug|Any CPU
		{00DBEE7B-E21E-4E44-BCFF-96C750BAA2FC}.Release|Any CPU.ActiveCfg = Release|Any CPU
		{00DBEE7B-E21E-4E44-BCFF-96C750BAA2FC}.Release|Any CPU.Build.0 = Release|Any CPU
	EndGlobalSection
	GlobalSection(SolutionProperties) = preSolution
		HideSolutionNode = FALSE
	EndGlobalSection
	GlobalSection(ExtensibilityGlobals) = postSolution
		SolutionGuid = {33633AB6-63F7-495E-9DE9-1F3A7F1AC352}
	EndGlobalSection
EndGlobal
