
Microsoft Visual Studio Solution File, Format Version 12.00
# Visual Studio Version 17
VisualStudioVersion = 17.0.32014.148
MinimumVisualStudioVersion = 10.0.40219.1
Project("{FAE04EC0-301F-11D3-BF4B-00C04F79EFBC}") = "05. Add and Subtract", "05. Add and Subtract\05. Add and Subtract.csproj", "{D3644FAB-0A51-4095-8D64-3A8E6CE5826E}"
EndProject
Global
	GlobalSection(SolutionConfigurationPlatforms) = preSolution
		Debug|Any CPU = Debug|Any CPU
		Release|Any CPU = Release|Any CPU
	EndGlobalSection
	GlobalSection(ProjectConfigurationPlatforms) = postSolution
		{D3644FAB-0A51-4095-8D64-3A8E6CE5826E}.Debug|Any CPU.ActiveCfg = Debug|Any CPU
		{D3644FAB-0A51-4095-8D64-3A8E6CE5826E}.Debug|Any CPU.Build.0 = Debug|Any CPU
		{D3644FAB-0A51-4095-8D64-3A8E6CE5826E}.Release|Any CPU.ActiveCfg = Release|Any CPU
		{D3644FAB-0A51-4095-8D64-3A8E6CE5826E}.Release|Any CPU.Build.0 = Release|Any CPU
	EndGlobalSection
	GlobalSection(SolutionProperties) = preSolution
		HideSolutionNode = FALSE
	EndGlobalSection
	GlobalSection(ExtensibilityGlobals) = postSolution
		SolutionGuid = {DC73FABB-2CFD-4A15-A31D-539FC07E5AE3}
	EndGlobalSection
EndGlobal
