
Microsoft Visual Studio Solution File, Format Version 12.00
# Visual Studio Version 17
VisualStudioVersion = 17.0.32014.148
MinimumVisualStudioVersion = 10.0.40219.1
Project("{FAE04EC0-301F-11D3-BF4B-00C04F79EFBC}") = "05. Students 2.0", "05. Students 2.0\05. Students 2.0.csproj", "{BA4711E3-6B51-4C81-89A2-5AA490956755}"
EndProject
Global
	GlobalSection(SolutionConfigurationPlatforms) = preSolution
		Debug|Any CPU = Debug|Any CPU
		Release|Any CPU = Release|Any CPU
	EndGlobalSection
	GlobalSection(ProjectConfigurationPlatforms) = postSolution
		{BA4711E3-6B51-4C81-89A2-5AA490956755}.Debug|Any CPU.ActiveCfg = Debug|Any CPU
		{BA4711E3-6B51-4C81-89A2-5AA490956755}.Debug|Any CPU.Build.0 = Debug|Any CPU
		{BA4711E3-6B51-4C81-89A2-5AA490956755}.Release|Any CPU.ActiveCfg = Release|Any CPU
		{BA4711E3-6B51-4C81-89A2-5AA490956755}.Release|Any CPU.Build.0 = Release|Any CPU
	EndGlobalSection
	GlobalSection(SolutionProperties) = preSolution
		HideSolutionNode = FALSE
	EndGlobalSection
	GlobalSection(ExtensibilityGlobals) = postSolution
		SolutionGuid = {5CCFBE67-2023-4C98-BE6F-C3FD955A55EC}
	EndGlobalSection
EndGlobal
