
Microsoft Visual Studio Solution File, Format Version 12.00
# Visual Studio Version 17
VisualStudioVersion = 17.0.32014.148
MinimumVisualStudioVersion = 10.0.40219.1
Project("{FAE04EC0-301F-11D3-BF4B-00C04F79EFBC}") = "07. String Explosion", "07. String Explosion\07. String Explosion.csproj", "{6F422AB9-83F4-41AE-9BB8-0BB7931F4AD8}"
EndProject
Global
	GlobalSection(SolutionConfigurationPlatforms) = preSolution
		Debug|Any CPU = Debug|Any CPU
		Release|Any CPU = Release|Any CPU
	EndGlobalSection
	GlobalSection(ProjectConfigurationPlatforms) = postSolution
		{6F422AB9-83F4-41AE-9BB8-0BB7931F4AD8}.Debug|Any CPU.ActiveCfg = Debug|Any CPU
		{6F422AB9-83F4-41AE-9BB8-0BB7931F4AD8}.Debug|Any CPU.Build.0 = Debug|Any CPU
		{6F422AB9-83F4-41AE-9BB8-0BB7931F4AD8}.Release|Any CPU.ActiveCfg = Release|Any CPU
		{6F422AB9-83F4-41AE-9BB8-0BB7931F4AD8}.Release|Any CPU.Build.0 = Release|Any CPU
	EndGlobalSection
	GlobalSection(SolutionProperties) = preSolution
		HideSolutionNode = FALSE
	EndGlobalSection
	GlobalSection(ExtensibilityGlobals) = postSolution
		SolutionGuid = {48D110B9-5E15-446F-B197-19049803F06C}
	EndGlobalSection
EndGlobal
