
Microsoft Visual Studio Solution File, Format Version 12.00
# Visual Studio Version 17
VisualStudioVersion = 17.0.32014.148
MinimumVisualStudioVersion = 10.0.40219.1
Project("{FAE04EC0-301F-11D3-BF4B-00C04F79EFBC}") = "02. The Lift", "02. The Lift\02. The Lift.csproj", "{489877E1-F60C-4B4E-925B-29831E25A54B}"
EndProject
Global
	GlobalSection(SolutionConfigurationPlatforms) = preSolution
		Debug|Any CPU = Debug|Any CPU
		Release|Any CPU = Release|Any CPU
	EndGlobalSection
	GlobalSection(ProjectConfigurationPlatforms) = postSolution
		{489877E1-F60C-4B4E-925B-29831E25A54B}.Debug|Any CPU.ActiveCfg = Debug|Any CPU
		{489877E1-F60C-4B4E-925B-29831E25A54B}.Debug|Any CPU.Build.0 = Debug|Any CPU
		{489877E1-F60C-4B4E-925B-29831E25A54B}.Release|Any CPU.ActiveCfg = Release|Any CPU
		{489877E1-F60C-4B4E-925B-29831E25A54B}.Release|Any CPU.Build.0 = Release|Any CPU
	EndGlobalSection
	GlobalSection(SolutionProperties) = preSolution
		HideSolutionNode = FALSE
	EndGlobalSection
	GlobalSection(ExtensibilityGlobals) = postSolution
		SolutionGuid = {2F1AAC0D-CB2C-4786-8D2D-C514BF0CBC62}
	EndGlobalSection
EndGlobal
