
Microsoft Visual Studio Solution File, Format Version 12.00
# Visual Studio Version 17
VisualStudioVersion = 17.0.32014.148
MinimumVisualStudioVersion = 10.0.40219.1
Project("{FAE04EC0-301F-11D3-BF4B-00C04F79EFBC}") = "04. Text Filter", "04. Text Filter\04. Text Filter.csproj", "{F4110A56-B5D6-4F59-ACFC-EBB18A7EC856}"
EndProject
Global
	GlobalSection(SolutionConfigurationPlatforms) = preSolution
		Debug|Any CPU = Debug|Any CPU
		Release|Any CPU = Release|Any CPU
	EndGlobalSection
	GlobalSection(ProjectConfigurationPlatforms) = postSolution
		{F4110A56-B5D6-4F59-ACFC-EBB18A7EC856}.Debug|Any CPU.ActiveCfg = Debug|Any CPU
		{F4110A56-B5D6-4F59-ACFC-EBB18A7EC856}.Debug|Any CPU.Build.0 = Debug|Any CPU
		{F4110A56-B5D6-4F59-ACFC-EBB18A7EC856}.Release|Any CPU.ActiveCfg = Release|Any CPU
		{F4110A56-B5D6-4F59-ACFC-EBB18A7EC856}.Release|Any CPU.Build.0 = Release|Any CPU
	EndGlobalSection
	GlobalSection(SolutionProperties) = preSolution
		HideSolutionNode = FALSE
	EndGlobalSection
	GlobalSection(ExtensibilityGlobals) = postSolution
		SolutionGuid = {452FBE02-B047-404B-84B1-A58EB7101775}
	EndGlobalSection
EndGlobal
