
Microsoft Visual Studio Solution File, Format Version 12.00
# Visual Studio Version 17
VisualStudioVersion = 17.0.32014.148
MinimumVisualStudioVersion = 10.0.40219.1
Project("{FAE04EC0-301F-11D3-BF4B-00C04F79EFBC}") = "04. Star Enigma", "04. Star Enigma\04. Star Enigma.csproj", "{90A4E2EB-4C36-4869-9D60-E3C5DF9B9C3D}"
EndProject
Global
	GlobalSection(SolutionConfigurationPlatforms) = preSolution
		Debug|Any CPU = Debug|Any CPU
		Release|Any CPU = Release|Any CPU
	EndGlobalSection
	GlobalSection(ProjectConfigurationPlatforms) = postSolution
		{90A4E2EB-4C36-4869-9D60-E3C5DF9B9C3D}.Debug|Any CPU.ActiveCfg = Debug|Any CPU
		{90A4E2EB-4C36-4869-9D60-E3C5DF9B9C3D}.Debug|Any CPU.Build.0 = Debug|Any CPU
		{90A4E2EB-4C36-4869-9D60-E3C5DF9B9C3D}.Release|Any CPU.ActiveCfg = Release|Any CPU
		{90A4E2EB-4C36-4869-9D60-E3C5DF9B9C3D}.Release|Any CPU.Build.0 = Release|Any CPU
	EndGlobalSection
	GlobalSection(SolutionProperties) = preSolution
		HideSolutionNode = FALSE
	EndGlobalSection
	GlobalSection(ExtensibilityGlobals) = postSolution
		SolutionGuid = {EA2E7183-6826-439D-8E4D-29A3BE61E6BC}
	EndGlobalSection
EndGlobal
