
Microsoft Visual Studio Solution File, Format Version 12.00
# Visual Studio Version 17
VisualStudioVersion = 17.0.32014.148
MinimumVisualStudioVersion = 10.0.40219.1
Project("{FAE04EC0-301F-11D3-BF4B-00C04F79EFBC}") = "04. SoftUni Parking", "04. SoftUni Parking\04. SoftUni Parking.csproj", "{83F33BE6-038A-4444-B888-BFF58A9AD5EE}"
EndProject
Global
	GlobalSection(SolutionConfigurationPlatforms) = preSolution
		Debug|Any CPU = Debug|Any CPU
		Release|Any CPU = Release|Any CPU
	EndGlobalSection
	GlobalSection(ProjectConfigurationPlatforms) = postSolution
		{83F33BE6-038A-4444-B888-BFF58A9AD5EE}.Debug|Any CPU.ActiveCfg = Debug|Any CPU
		{83F33BE6-038A-4444-B888-BFF58A9AD5EE}.Debug|Any CPU.Build.0 = Debug|Any CPU
		{83F33BE6-038A-4444-B888-BFF58A9AD5EE}.Release|Any CPU.ActiveCfg = Release|Any CPU
		{83F33BE6-038A-4444-B888-BFF58A9AD5EE}.Release|Any CPU.Build.0 = Release|Any CPU
	EndGlobalSection
	GlobalSection(SolutionProperties) = preSolution
		HideSolutionNode = FALSE
	EndGlobalSection
	GlobalSection(ExtensibilityGlobals) = postSolution
		SolutionGuid = {2B71B370-79A1-47CC-999A-922A9D2CA6E6}
	EndGlobalSection
EndGlobal
