
Microsoft Visual Studio Solution File, Format Version 12.00
# Visual Studio Version 17
VisualStudioVersion = 17.0.32014.148
MinimumVisualStudioVersion = 10.0.40219.1
Project("{FAE04EC0-301F-11D3-BF4B-00C04F79EFBC}") = "03. Substring", "03. Substring\03. Substring.csproj", "{94DC4658-39AD-4557-A7F3-72553E55F1CF}"
EndProject
Global
	GlobalSection(SolutionConfigurationPlatforms) = preSolution
		Debug|Any CPU = Debug|Any CPU
		Release|Any CPU = Release|Any CPU
	EndGlobalSection
	GlobalSection(ProjectConfigurationPlatforms) = postSolution
		{94DC4658-39AD-4557-A7F3-72553E55F1CF}.Debug|Any CPU.ActiveCfg = Debug|Any CPU
		{94DC4658-39AD-4557-A7F3-72553E55F1CF}.Debug|Any CPU.Build.0 = Debug|Any CPU
		{94DC4658-39AD-4557-A7F3-72553E55F1CF}.Release|Any CPU.ActiveCfg = Release|Any CPU
		{94DC4658-39AD-4557-A7F3-72553E55F1CF}.Release|Any CPU.Build.0 = Release|Any CPU
	EndGlobalSection
	GlobalSection(SolutionProperties) = preSolution
		HideSolutionNode = FALSE
	EndGlobalSection
	GlobalSection(ExtensibilityGlobals) = postSolution
		SolutionGuid = {3788F72A-454F-4C7B-B656-F42460A34E6F}
	EndGlobalSection
EndGlobal
