
Microsoft Visual Studio Solution File, Format Version 12.00
# Visual Studio Version 17
VisualStudioVersion = 17.0.32014.148
MinimumVisualStudioVersion = 10.0.40219.1
Project("{FAE04EC0-301F-11D3-BF4B-00C04F79EFBC}") = "03. Exact Sum of Real Numbers", "03. Exact Sum of Real Numbers\03. Exact Sum of Real Numbers.csproj", "{01A0C66A-1D5B-44F3-B188-C2706844325D}"
EndProject
Global
	GlobalSection(SolutionConfigurationPlatforms) = preSolution
		Debug|Any CPU = Debug|Any CPU
		Release|Any CPU = Release|Any CPU
	EndGlobalSection
	GlobalSection(ProjectConfigurationPlatforms) = postSolution
		{01A0C66A-1D5B-44F3-B188-C2706844325D}.Debug|Any CPU.ActiveCfg = Debug|Any CPU
		{01A0C66A-1D5B-44F3-B188-C2706844325D}.Debug|Any CPU.Build.0 = Debug|Any CPU
		{01A0C66A-1D5B-44F3-B188-C2706844325D}.Release|Any CPU.ActiveCfg = Release|Any CPU
		{01A0C66A-1D5B-44F3-B188-C2706844325D}.Release|Any CPU.Build.0 = Release|Any CPU
	EndGlobalSection
	GlobalSection(SolutionProperties) = preSolution
		HideSolutionNode = FALSE
	EndGlobalSection
	GlobalSection(ExtensibilityGlobals) = postSolution
		SolutionGuid = {FE37B944-02AE-4027-A46D-11324A064742}
	EndGlobalSection
EndGlobal
