
Microsoft Visual Studio Solution File, Format Version 12.00
# Visual Studio Version 17
VisualStudioVersion = 17.0.32014.148
MinimumVisualStudioVersion = 10.0.40219.1
Project("{FAE04EC0-301F-11D3-BF4B-00C04F79EFBC}") = "02. Big Factorial", "02. Big Factorial\02. Big Factorial.csproj", "{5E4DEA83-7ED2-4CCB-A367-FF0A57E7CAB1}"
EndProject
Global
	GlobalSection(SolutionConfigurationPlatforms) = preSolution
		Debug|Any CPU = Debug|Any CPU
		Release|Any CPU = Release|Any CPU
	EndGlobalSection
	GlobalSection(ProjectConfigurationPlatforms) = postSolution
		{5E4DEA83-7ED2-4CCB-A367-FF0A57E7CAB1}.Debug|Any CPU.ActiveCfg = Debug|Any CPU
		{5E4DEA83-7ED2-4CCB-A367-FF0A57E7CAB1}.Debug|Any CPU.Build.0 = Debug|Any CPU
		{5E4DEA83-7ED2-4CCB-A367-FF0A57E7CAB1}.Release|Any CPU.ActiveCfg = Release|Any CPU
		{5E4DEA83-7ED2-4CCB-A367-FF0A57E7CAB1}.Release|Any CPU.Build.0 = Release|Any CPU
	EndGlobalSection
	GlobalSection(SolutionProperties) = preSolution
		HideSolutionNode = FALSE
	EndGlobalSection
	GlobalSection(ExtensibilityGlobals) = postSolution
		SolutionGuid = {992AE05F-4C48-4FF4-B6C0-BDDCDAEFAEA0}
	EndGlobalSection
EndGlobal
