
Microsoft Visual Studio Solution File, Format Version 12.00
# Visual Studio Version 17
VisualStudioVersion = 17.0.32014.148
MinimumVisualStudioVersion = 10.0.40219.1
Project("{FAE04EC0-301F-11D3-BF4B-00C04F79EFBC}") = "01. Reverse Strings", "01. Reverse Strings\01. Reverse Strings.csproj", "{0B2BCCA7-F407-463D-AB30-D0ACE2CD369B}"
EndProject
Global
	GlobalSection(SolutionConfigurationPlatforms) = preSolution
		Debug|Any CPU = Debug|Any CPU
		Release|Any CPU = Release|Any CPU
	EndGlobalSection
	GlobalSection(ProjectConfigurationPlatforms) = postSolution
		{0B2BCCA7-F407-463D-AB30-D0ACE2CD369B}.Debug|Any CPU.ActiveCfg = Debug|Any CPU
		{0B2BCCA7-F407-463D-AB30-D0ACE2CD369B}.Debug|Any CPU.Build.0 = Debug|Any CPU
		{0B2BCCA7-F407-463D-AB30-D0ACE2CD369B}.Release|Any CPU.ActiveCfg = Release|Any CPU
		{0B2BCCA7-F407-463D-AB30-D0ACE2CD369B}.Release|Any CPU.Build.0 = Release|Any CPU
	EndGlobalSection
	GlobalSection(SolutionProperties) = preSolution
		HideSolutionNode = FALSE
	EndGlobalSection
	GlobalSection(ExtensibilityGlobals) = postSolution
		SolutionGuid = {AFCF7625-E05D-4D04-8683-A3B8D551D735}
	EndGlobalSection
EndGlobal
