
Microsoft Visual Studio Solution File, Format Version 12.00
# Visual Studio Version 17
VisualStudioVersion = 17.0.32014.148
MinimumVisualStudioVersion = 10.0.40219.1
Project("{FAE04EC0-301F-11D3-BF4B-00C04F79EFBC}") = "02. Common Elements", "02. Common Elements\02. Common Elements.csproj", "{962838A3-BB19-4417-8D4A-6DFAB1D1E4CE}"
EndProject
Global
	GlobalSection(SolutionConfigurationPlatforms) = preSolution
		Debug|Any CPU = Debug|Any CPU
		Release|Any CPU = Release|Any CPU
	EndGlobalSection
	GlobalSection(ProjectConfigurationPlatforms) = postSolution
		{962838A3-BB19-4417-8D4A-6DFAB1D1E4CE}.Debug|Any CPU.ActiveCfg = Debug|Any CPU
		{962838A3-BB19-4417-8D4A-6DFAB1D1E4CE}.Debug|Any CPU.Build.0 = Debug|Any CPU
		{962838A3-BB19-4417-8D4A-6DFAB1D1E4CE}.Release|Any CPU.ActiveCfg = Release|Any CPU
		{962838A3-BB19-4417-8D4A-6DFAB1D1E4CE}.Release|Any CPU.Build.0 = Release|Any CPU
	EndGlobalSection
	GlobalSection(SolutionProperties) = preSolution
		HideSolutionNode = FALSE
	EndGlobalSection
	GlobalSection(ExtensibilityGlobals) = postSolution
		SolutionGuid = {104F3A72-C5C6-4295-9B9A-8EAF86154752}
	EndGlobalSection
EndGlobal
