
Microsoft Visual Studio Solution File, Format Version 12.00
# Visual Studio Version 17
VisualStudioVersion = 17.0.32014.148
MinimumVisualStudioVersion = 10.0.40219.1
Project("{FAE04EC0-301F-11D3-BF4B-00C04F79EFBC}") = "01. Sum Adjacent Equal Numbers", "01. Sum Adjacent Equal Numbers\01. Sum Adjacent Equal Numbers.csproj", "{D96406C4-9065-4F74-A486-8CD8A1D4AE53}"
EndProject
Global
	GlobalSection(SolutionConfigurationPlatforms) = preSolution
		Debug|Any CPU = Debug|Any CPU
		Release|Any CPU = Release|Any CPU
	EndGlobalSection
	GlobalSection(ProjectConfigurationPlatforms) = postSolution
		{D96406C4-9065-4F74-A486-8CD8A1D4AE53}.Debug|Any CPU.ActiveCfg = Debug|Any CPU
		{D96406C4-9065-4F74-A486-8CD8A1D4AE53}.Debug|Any CPU.Build.0 = Debug|Any CPU
		{D96406C4-9065-4F74-A486-8CD8A1D4AE53}.Release|Any CPU.ActiveCfg = Release|Any CPU
		{D96406C4-9065-4F74-A486-8CD8A1D4AE53}.Release|Any CPU.Build.0 = Release|Any CPU
	EndGlobalSection
	GlobalSection(SolutionProperties) = preSolution
		HideSolutionNode = FALSE
	EndGlobalSection
	GlobalSection(ExtensibilityGlobals) = postSolution
		SolutionGuid = {2430D605-D9CC-48F1-AF50-5DD86B87CB6E}
	EndGlobalSection
EndGlobal
