
Microsoft Visual Studio Solution File, Format Version 12.00
# Visual Studio Version 17
VisualStudioVersion = 17.0.32014.148
MinimumVisualStudioVersion = 10.0.40219.1
Project("{FAE04EC0-301F-11D3-BF4B-00C04F79EFBC}") = "05. Remove Negatives and Reverse", "05. Remove Negatives and Reverse\05. Remove Negatives and Reverse.csproj", "{88D6CA0E-6270-4EC9-AF33-DFC2E3E0521E}"
EndProject
Global
	GlobalSection(SolutionConfigurationPlatforms) = preSolution
		Debug|Any CPU = Debug|Any CPU
		Release|Any CPU = Release|Any CPU
	EndGlobalSection
	GlobalSection(ProjectConfigurationPlatforms) = postSolution
		{88D6CA0E-6270-4EC9-AF33-DFC2E3E0521E}.Debug|Any CPU.ActiveCfg = Debug|Any CPU
		{88D6CA0E-6270-4EC9-AF33-DFC2E3E0521E}.Debug|Any CPU.Build.0 = Debug|Any CPU
		{88D6CA0E-6270-4EC9-AF33-DFC2E3E0521E}.Release|Any CPU.ActiveCfg = Release|Any CPU
		{88D6CA0E-6270-4EC9-AF33-DFC2E3E0521E}.Release|Any CPU.Build.0 = Release|Any CPU
	EndGlobalSection
	GlobalSection(SolutionProperties) = preSolution
		HideSolutionNode = FALSE
	EndGlobalSection
	GlobalSection(ExtensibilityGlobals) = postSolution
		SolutionGuid = {4BE06575-2E4F-4E24-8DF9-79BE1E070688}
	EndGlobalSection
EndGlobal
