
Microsoft Visual Studio Solution File, Format Version 12.00
# Visual Studio Version 17
VisualStudioVersion = 17.0.32014.148
MinimumVisualStudioVersion = 10.0.40219.1
Project("{FAE04EC0-301F-11D3-BF4B-00C04F79EFBC}") = "08. Triangle of Numbers", "08. Triangle of Numbers\08. Triangle of Numbers.csproj", "{EE622FEB-F8B6-42E1-A641-7D4770149460}"
EndProject
Global
	GlobalSection(SolutionConfigurationPlatforms) = preSolution
		Debug|Any CPU = Debug|Any CPU
		Release|Any CPU = Release|Any CPU
	EndGlobalSection
	GlobalSection(ProjectConfigurationPlatforms) = postSolution
		{EE622FEB-F8B6-42E1-A641-7D4770149460}.Debug|Any CPU.ActiveCfg = Debug|Any CPU
		{EE622FEB-F8B6-42E1-A641-7D4770149460}.Debug|Any CPU.Build.0 = Debug|Any CPU
		{EE622FEB-F8B6-42E1-A641-7D4770149460}.Release|Any CPU.ActiveCfg = Release|Any CPU
		{EE622FEB-F8B6-42E1-A641-7D4770149460}.Release|Any CPU.Build.0 = Release|Any CPU
	EndGlobalSection
	GlobalSection(SolutionProperties) = preSolution
		HideSolutionNode = FALSE
	EndGlobalSection
	GlobalSection(ExtensibilityGlobals) = postSolution
		SolutionGuid = {3D4A237E-77FE-45B4-9838-126EBDE18B11}
	EndGlobalSection
EndGlobal
