
Microsoft Visual Studio Solution File, Format Version 12.00
# Visual Studio Version 17
VisualStudioVersion = 17.0.32014.148
MinimumVisualStudioVersion = 10.0.40219.1
Project("{FAE04EC0-301F-11D3-BF4B-00C04F79EFBC}") = "01. Train", "01. Train\01. Train.csproj", "{4182CBD0-C9C8-49A6-BB89-C05423B6B46A}"
EndProject
Global
	GlobalSection(SolutionConfigurationPlatforms) = preSolution
		Debug|Any CPU = Debug|Any CPU
		Release|Any CPU = Release|Any CPU
	EndGlobalSection
	GlobalSection(ProjectConfigurationPlatforms) = postSolution
		{4182CBD0-C9C8-49A6-BB89-C05423B6B46A}.Debug|Any CPU.ActiveCfg = Debug|Any CPU
		{4182CBD0-C9C8-49A6-BB89-C05423B6B46A}.Debug|Any CPU.Build.0 = Debug|Any CPU
		{4182CBD0-C9C8-49A6-BB89-C05423B6B46A}.Release|Any CPU.ActiveCfg = Release|Any CPU
		{4182CBD0-C9C8-49A6-BB89-C05423B6B46A}.Release|Any CPU.Build.0 = Release|Any CPU
	EndGlobalSection
	GlobalSection(SolutionProperties) = preSolution
		HideSolutionNode = FALSE
	EndGlobalSection
	GlobalSection(ExtensibilityGlobals) = postSolution
		SolutionGuid = {A9D24756-E602-46FC-A4A8-67DA8CC73EB8}
	EndGlobalSection
EndGlobal
