
Microsoft Visual Studio Solution File, Format Version 12.00
# Visual Studio Version 17
VisualStudioVersion = 17.0.32014.148
MinimumVisualStudioVersion = 10.0.40219.1
Project("{FAE04EC0-301F-11D3-BF4B-00C04F79EFBC}") = "03. Calculations", "03. Calculations\03. Calculations.csproj", "{35DBB72C-C0D8-410A-A8DA-9831C5C1AEB4}"
EndProject
Global
	GlobalSection(SolutionConfigurationPlatforms) = preSolution
		Debug|Any CPU = Debug|Any CPU
		Release|Any CPU = Release|Any CPU
	EndGlobalSection
	GlobalSection(ProjectConfigurationPlatforms) = postSolution
		{35DBB72C-C0D8-410A-A8DA-9831C5C1AEB4}.Debug|Any CPU.ActiveCfg = Debug|Any CPU
		{35DBB72C-C0D8-410A-A8DA-9831C5C1AEB4}.Debug|Any CPU.Build.0 = Debug|Any CPU
		{35DBB72C-C0D8-410A-A8DA-9831C5C1AEB4}.Release|Any CPU.ActiveCfg = Release|Any CPU
		{35DBB72C-C0D8-410A-A8DA-9831C5C1AEB4}.Release|Any CPU.Build.0 = Release|Any CPU
	EndGlobalSection
	GlobalSection(SolutionProperties) = preSolution
		HideSolutionNode = FALSE
	EndGlobalSection
	GlobalSection(ExtensibilityGlobals) = postSolution
		SolutionGuid = {73DD7A5C-AA83-4ACE-937A-DB9D403B1113}
	EndGlobalSection
EndGlobal
