
Microsoft Visual Studio Solution File, Format Version 12.00
# Visual Studio Version 17
VisualStudioVersion = 17.0.32014.148
MinimumVisualStudioVersion = 10.0.40219.1
Project("{FAE04EC0-301F-11D3-BF4B-00C04F79EFBC}") = "06. List Manipulation Basics", "06. List Manipulation Basics\06. List Manipulation Basics.csproj", "{F8F850BE-5E2A-44AA-AC5C-D6E3EEBBCDCD}"
EndProject
Global
	GlobalSection(SolutionConfigurationPlatforms) = preSolution
		Debug|Any CPU = Debug|Any CPU
		Release|Any CPU = Release|Any CPU
	EndGlobalSection
	GlobalSection(ProjectConfigurationPlatforms) = postSolution
		{F8F850BE-5E2A-44AA-AC5C-D6E3EEBBCDCD}.Debug|Any CPU.ActiveCfg = Debug|Any CPU
		{F8F850BE-5E2A-44AA-AC5C-D6E3EEBBCDCD}.Debug|Any CPU.Build.0 = Debug|Any CPU
		{F8F850BE-5E2A-44AA-AC5C-D6E3EEBBCDCD}.Release|Any CPU.ActiveCfg = Release|Any CPU
		{F8F850BE-5E2A-44AA-AC5C-D6E3EEBBCDCD}.Release|Any CPU.Build.0 = Release|Any CPU
	EndGlobalSection
	GlobalSection(SolutionProperties) = preSolution
		HideSolutionNode = FALSE
	EndGlobalSection
	GlobalSection(ExtensibilityGlobals) = postSolution
		SolutionGuid = {83F83386-3EF9-467A-AC51-5575A8460FE8}
	EndGlobalSection
EndGlobal
