
Microsoft Visual Studio Solution File, Format Version 12.00
# Visual Studio Version 17
VisualStudioVersion = 17.0.32014.148
MinimumVisualStudioVersion = 10.0.40219.1
Project("{FAE04EC0-301F-11D3-BF4B-00C04F79EFBC}") = "08. Math Power", "08. Math Power\08. Math Power.csproj", "{FC08CBCD-6A42-4B4F-B60E-67676091BE49}"
EndProject
Global
	GlobalSection(SolutionConfigurationPlatforms) = preSolution
		Debug|Any CPU = Debug|Any CPU
		Release|Any CPU = Release|Any CPU
	EndGlobalSection
	GlobalSection(ProjectConfigurationPlatforms) = postSolution
		{FC08CBCD-6A42-4B4F-B60E-67676091BE49}.Debug|Any CPU.ActiveCfg = Debug|Any CPU
		{FC08CBCD-6A42-4B4F-B60E-67676091BE49}.Debug|Any CPU.Build.0 = Debug|Any CPU
		{FC08CBCD-6A42-4B4F-B60E-67676091BE49}.Release|Any CPU.ActiveCfg = Release|Any CPU
		{FC08CBCD-6A42-4B4F-B60E-67676091BE49}.Release|Any CPU.Build.0 = Release|Any CPU
	EndGlobalSection
	GlobalSection(SolutionProperties) = preSolution
		HideSolutionNode = FALSE
	EndGlobalSection
	GlobalSection(ExtensibilityGlobals) = postSolution
		SolutionGuid = {0B3D5F09-5C6E-42A1-83DD-8A8BF81CB9FA}
	EndGlobalSection
EndGlobal
