
Microsoft Visual Studio Solution File, Format Version 12.00
# Visual Studio Version 17
VisualStudioVersion = 17.0.32014.148
MinimumVisualStudioVersion = 10.0.40219.1
Project("{FAE04EC0-301F-11D3-BF4B-00C04F79EFBC}") = "12. Refactor Special Numbers", "12. Refactor Special Numbers\12. Refactor Special Numbers.csproj", "{7366DE69-3828-47E9-877E-38AEF0732B82}"
EndProject
Global
	GlobalSection(SolutionConfigurationPlatforms) = preSolution
		Debug|Any CPU = Debug|Any CPU
		Release|Any CPU = Release|Any CPU
	EndGlobalSection
	GlobalSection(ProjectConfigurationPlatforms) = postSolution
		{7366DE69-3828-47E9-877E-38AEF0732B82}.Debug|Any CPU.ActiveCfg = Debug|Any CPU
		{7366DE69-3828-47E9-877E-38AEF0732B82}.Debug|Any CPU.Build.0 = Debug|Any CPU
		{7366DE69-3828-47E9-877E-38AEF0732B82}.Release|Any CPU.ActiveCfg = Release|Any CPU
		{7366DE69-3828-47E9-877E-38AEF0732B82}.Release|Any CPU.Build.0 = Release|Any CPU
	EndGlobalSection
	GlobalSection(SolutionProperties) = preSolution
		HideSolutionNode = FALSE
	EndGlobalSection
	GlobalSection(ExtensibilityGlobals) = postSolution
		SolutionGuid = {C634F2E0-C73A-4A4B-AC78-37E1F0D61B7B}
	EndGlobalSection
EndGlobal
