
Microsoft Visual Studio Solution File, Format Version 12.00
# Visual Studio Version 17
VisualStudioVersion = 17.0.32014.148
MinimumVisualStudioVersion = 10.0.40219.1
Project("{FAE04EC0-301F-11D3-BF4B-00C04F79EFBC}") = "02. Repeat Strings", "02. Repeat Strings\02. Repeat Strings.csproj", "{09A9FF4B-1B73-4747-ABC6-D3B55BB3F5F8}"
EndProject
Global
	GlobalSection(SolutionConfigurationPlatforms) = preSolution
		Debug|Any CPU = Debug|Any CPU
		Release|Any CPU = Release|Any CPU
	EndGlobalSection
	GlobalSection(ProjectConfigurationPlatforms) = postSolution
		{09A9FF4B-1B73-4747-ABC6-D3B55BB3F5F8}.Debug|Any CPU.ActiveCfg = Debug|Any CPU
		{09A9FF4B-1B73-4747-ABC6-D3B55BB3F5F8}.Debug|Any CPU.Build.0 = Debug|Any CPU
		{09A9FF4B-1B73-4747-ABC6-D3B55BB3F5F8}.Release|Any CPU.ActiveCfg = Release|Any CPU
		{09A9FF4B-1B73-4747-ABC6-D3B55BB3F5F8}.Release|Any CPU.Build.0 = Release|Any CPU
	EndGlobalSection
	GlobalSection(SolutionProperties) = preSolution
		HideSolutionNode = FALSE
	EndGlobalSection
	GlobalSection(ExtensibilityGlobals) = postSolution
		SolutionGuid = {9F30B712-E716-47F7-96BE-6693A947342D}
	EndGlobalSection
EndGlobal
