
Microsoft Visual Studio Solution File, Format Version 12.00
# Visual Studio Version 17
VisualStudioVersion = 17.0.32014.148
MinimumVisualStudioVersion = 10.0.40219.1
Project("{FAE04EC0-301F-11D3-BF4B-00C04F79EFBC}") = "06. Strong number", "06. Strong number\06. Strong number.csproj", "{6E10DC8E-4D84-44EC-8376-11E61A9A4C74}"
EndProject
Global
	GlobalSection(SolutionConfigurationPlatforms) = preSolution
		Debug|Any CPU = Debug|Any CPU
		Release|Any CPU = Release|Any CPU
	EndGlobalSection
	GlobalSection(ProjectConfigurationPlatforms) = postSolution
		{6E10DC8E-4D84-44EC-8376-11E61A9A4C74}.Debug|Any CPU.ActiveCfg = Debug|Any CPU
		{6E10DC8E-4D84-44EC-8376-11E61A9A4C74}.Debug|Any CPU.Build.0 = Debug|Any CPU
		{6E10DC8E-4D84-44EC-8376-11E61A9A4C74}.Release|Any CPU.ActiveCfg = Release|Any CPU
		{6E10DC8E-4D84-44EC-8376-11E61A9A4C74}.Release|Any CPU.Build.0 = Release|Any CPU
	EndGlobalSection
	GlobalSection(SolutionProperties) = preSolution
		HideSolutionNode = FALSE
	EndGlobalSection
	GlobalSection(ExtensibilityGlobals) = postSolution
		SolutionGuid = {9FF1A383-DC82-480D-B08D-82429CA07523}
	EndGlobalSection
EndGlobal
