
Microsoft Visual Studio Solution File, Format Version 12.00
# Visual Studio Version 17
VisualStudioVersion = 17.0.32014.148
MinimumVisualStudioVersion = 10.0.40219.1
Project("{FAE04EC0-301F-11D3-BF4B-00C04F79EFBC}") = "02. Add Two Numbers", "02. Add Two Numbers\02. Add Two Numbers.csproj", "{85BBD400-2288-41C0-ADDA-69D7D4902E6F}"
EndProject
Global
	GlobalSection(SolutionConfigurationPlatforms) = preSolution
		Debug|Any CPU = Debug|Any CPU
		Release|Any CPU = Release|Any CPU
	EndGlobalSection
	GlobalSection(ProjectConfigurationPlatforms) = postSolution
		{85BBD400-2288-41C0-ADDA-69D7D4902E6F}.Debug|Any CPU.ActiveCfg = Debug|Any CPU
		{85BBD400-2288-41C0-ADDA-69D7D4902E6F}.Debug|Any CPU.Build.0 = Debug|Any CPU
		{85BBD400-2288-41C0-ADDA-69D7D4902E6F}.Release|Any CPU.ActiveCfg = Release|Any CPU
		{85BBD400-2288-41C0-ADDA-69D7D4902E6F}.Release|Any CPU.Build.0 = Release|Any CPU
	EndGlobalSection
	GlobalSection(SolutionProperties) = preSolution
		HideSolutionNode = FALSE
	EndGlobalSection
	GlobalSection(ExtensibilityGlobals) = postSolution
		SolutionGuid = {E6B5A75F-1B9F-48F0-96A2-F9ECFF15F65F}
	EndGlobalSection
EndGlobal
