
Microsoft Visual Studio Solution File, Format Version 12.00
# Visual Studio Version 17
VisualStudioVersion = 17.0.32014.148
MinimumVisualStudioVersion = 10.0.40219.1
Project("{FAE04EC0-301F-11D3-BF4B-00C04F79EFBC}") = "07. Company Users", "07. Company Users\07. Company Users.csproj", "{2108632B-8B7A-4965-8FFE-031816989FC8}"
EndProject
Global
	GlobalSection(SolutionConfigurationPlatforms) = preSolution
		Debug|Any CPU = Debug|Any CPU
		Release|Any CPU = Release|Any CPU
	EndGlobalSection
	GlobalSection(ProjectConfigurationPlatforms) = postSolution
		{2108632B-8B7A-4965-8FFE-031816989FC8}.Debug|Any CPU.ActiveCfg = Debug|Any CPU
		{2108632B-8B7A-4965-8FFE-031816989FC8}.Debug|Any CPU.Build.0 = Debug|Any CPU
		{2108632B-8B7A-4965-8FFE-031816989FC8}.Release|Any CPU.ActiveCfg = Release|Any CPU
		{2108632B-8B7A-4965-8FFE-031816989FC8}.Release|Any CPU.Build.0 = Release|Any CPU
	EndGlobalSection
	GlobalSection(SolutionProperties) = preSolution
		HideSolutionNode = FALSE
	EndGlobalSection
	GlobalSection(ExtensibilityGlobals) = postSolution
		SolutionGuid = {1BBA9C74-C983-4D57-B3EF-9CC098DAB70A}
	EndGlobalSection
EndGlobal
