
Microsoft Visual Studio Solution File, Format Version 12.00
# Visual Studio Version 17
VisualStudioVersion = 17.0.32014.148
MinimumVisualStudioVersion = 10.0.40219.1
Project("{FAE04EC0-301F-11D3-BF4B-00C04F79EFBC}") = "01. Ranking", "01. Ranking\01. Ranking.csproj", "{037941D9-D4AF-45FA-B531-D84E223235BF}"
EndProject
Global
	GlobalSection(SolutionConfigurationPlatforms) = preSolution
		Debug|Any CPU = Debug|Any CPU
		Release|Any CPU = Release|Any CPU
	EndGlobalSection
	GlobalSection(ProjectConfigurationPlatforms) = postSolution
		{037941D9-D4AF-45FA-B531-D84E223235BF}.Debug|Any CPU.ActiveCfg = Debug|Any CPU
		{037941D9-D4AF-45FA-B531-D84E223235BF}.Debug|Any CPU.Build.0 = Debug|Any CPU
		{037941D9-D4AF-45FA-B531-D84E223235BF}.Release|Any CPU.ActiveCfg = Release|Any CPU
		{037941D9-D4AF-45FA-B531-D84E223235BF}.Release|Any CPU.Build.0 = Release|Any CPU
	EndGlobalSection
	GlobalSection(SolutionProperties) = preSolution
		HideSolutionNode = FALSE
	EndGlobalSection
	GlobalSection(ExtensibilityGlobals) = postSolution
		SolutionGuid = {8583CEBB-D0FB-4906-87ED-2E164F55EC81}
	EndGlobalSection
EndGlobal
