
Microsoft Visual Studio Solution File, Format Version 12.00
# Visual Studio Version 17
VisualStudioVersion = 17.0.32014.148
MinimumVisualStudioVersion = 10.0.40219.1
Project("{FAE04EC0-301F-11D3-BF4B-00C04F79EFBC}") = "07. Water Overflow", "07. Water Overflow\07. Water Overflow.csproj", "{D15DC790-2A8C-4113-8080-0D504329D05A}"
EndProject
Global
	GlobalSection(SolutionConfigurationPlatforms) = preSolution
		Debug|Any CPU = Debug|Any CPU
		Release|Any CPU = Release|Any CPU
	EndGlobalSection
	GlobalSection(ProjectConfigurationPlatforms) = postSolution
		{D15DC790-2A8C-4113-8080-0D504329D05A}.Debug|Any CPU.ActiveCfg = Debug|Any CPU
		{D15DC790-2A8C-4113-8080-0D504329D05A}.Debug|Any CPU.Build.0 = Debug|Any CPU
		{D15DC790-2A8C-4113-8080-0D504329D05A}.Release|Any CPU.ActiveCfg = Release|Any CPU
		{D15DC790-2A8C-4113-8080-0D504329D05A}.Release|Any CPU.Build.0 = Release|Any CPU
	EndGlobalSection
	GlobalSection(SolutionProperties) = preSolution
		HideSolutionNode = FALSE
	EndGlobalSection
	GlobalSection(ExtensibilityGlobals) = postSolution
		SolutionGuid = {A0F406D8-8BBE-493E-AC73-FA5E63454172}
	EndGlobalSection
EndGlobal
