
Microsoft Visual Studio Solution File, Format Version 12.00
# Visual Studio Version 17
VisualStudioVersion = 17.0.32014.148
MinimumVisualStudioVersion = 10.0.40219.1
Project("{FAE04EC0-301F-11D3-BF4B-00C04F79EFBC}") = "03. Passed or Failed", "03. Passed or Failed\03. Passed or Failed.csproj", "{C919CA9A-2995-4C7E-9082-38C08DD1036D}"
EndProject
Global
	GlobalSection(SolutionConfigurationPlatforms) = preSolution
		Debug|Any CPU = Debug|Any CPU
		Release|Any CPU = Release|Any CPU
	EndGlobalSection
	GlobalSection(ProjectConfigurationPlatforms) = postSolution
		{C919CA9A-2995-4C7E-9082-38C08DD1036D}.Debug|Any CPU.ActiveCfg = Debug|Any CPU
		{C919CA9A-2995-4C7E-9082-38C08DD1036D}.Debug|Any CPU.Build.0 = Debug|Any CPU
		{C919CA9A-2995-4C7E-9082-38C08DD1036D}.Release|Any CPU.ActiveCfg = Release|Any CPU
		{C919CA9A-2995-4C7E-9082-38C08DD1036D}.Release|Any CPU.Build.0 = Release|Any CPU
	EndGlobalSection
	GlobalSection(SolutionProperties) = preSolution
		HideSolutionNode = FALSE
	EndGlobalSection
	GlobalSection(ExtensibilityGlobals) = postSolution
		SolutionGuid = {7BDAF490-EC05-4DB1-B2A3-0F0621303F42}
	EndGlobalSection
EndGlobal
