
Microsoft Visual Studio Solution File, Format Version 12.00
# Visual Studio Version 17
VisualStudioVersion = 17.0.32014.148
MinimumVisualStudioVersion = 10.0.40219.1
Project("{FAE04EC0-301F-11D3-BF4B-00C04F79EFBC}") = "01. Guinea Pig", "01. Guinea Pig\01. Guinea Pig.csproj", "{171FCA2A-A9A1-4437-8ECF-42A73CB58248}"
EndProject
Global
	GlobalSection(SolutionConfigurationPlatforms) = preSolution
		Debug|Any CPU = Debug|Any CPU
		Release|Any CPU = Release|Any CPU
	EndGlobalSection
	GlobalSection(ProjectConfigurationPlatforms) = postSolution
		{171FCA2A-A9A1-4437-8ECF-42A73CB58248}.Debug|Any CPU.ActiveCfg = Debug|Any CPU
		{171FCA2A-A9A1-4437-8ECF-42A73CB58248}.Debug|Any CPU.Build.0 = Debug|Any CPU
		{171FCA2A-A9A1-4437-8ECF-42A73CB58248}.Release|Any CPU.ActiveCfg = Release|Any CPU
		{171FCA2A-A9A1-4437-8ECF-42A73CB58248}.Release|Any CPU.Build.0 = Release|Any CPU
	EndGlobalSection
	GlobalSection(SolutionProperties) = preSolution
		HideSolutionNode = FALSE
	EndGlobalSection
	GlobalSection(ExtensibilityGlobals) = postSolution
		SolutionGuid = {85EB706A-0D7B-4DCC-82BB-5120BDFA869B}
	EndGlobalSection
EndGlobal
