
Microsoft Visual Studio Solution File, Format Version 12.00
# Visual Studio Version 17
VisualStudioVersion = 17.0.32014.148
MinimumVisualStudioVersion = 10.0.40219.1
Project("{FAE04EC0-301F-11D3-BF4B-00C04F79EFBC}") = "02. Character Multiplier", "02. Character Multiplier\02. Character Multiplier.csproj", "{1DBD8BE6-EDF8-4D67-B1B5-9A411D13A2C9}"
EndProject
Global
	GlobalSection(SolutionConfigurationPlatforms) = preSolution
		Debug|Any CPU = Debug|Any CPU
		Release|Any CPU = Release|Any CPU
	EndGlobalSection
	GlobalSection(ProjectConfigurationPlatforms) = postSolution
		{1DBD8BE6-EDF8-4D67-B1B5-9A411D13A2C9}.Debug|Any CPU.ActiveCfg = Debug|Any CPU
		{1DBD8BE6-EDF8-4D67-B1B5-9A411D13A2C9}.Debug|Any CPU.Build.0 = Debug|Any CPU
		{1DBD8BE6-EDF8-4D67-B1B5-9A411D13A2C9}.Release|Any CPU.ActiveCfg = Release|Any CPU
		{1DBD8BE6-EDF8-4D67-B1B5-9A411D13A2C9}.Release|Any CPU.Build.0 = Release|Any CPU
	EndGlobalSection
	GlobalSection(SolutionProperties) = preSolution
		HideSolutionNode = FALSE
	EndGlobalSection
	GlobalSection(ExtensibilityGlobals) = postSolution
		SolutionGuid = {4786B470-B4F0-4ECC-A9C0-618274617C9D}
	EndGlobalSection
EndGlobal
