
Microsoft Visual Studio Solution File, Format Version 12.00
# Visual Studio Version 17
VisualStudioVersion = 17.0.32014.148
MinimumVisualStudioVersion = 10.0.40219.1
Project("{FAE04EC0-301F-11D3-BF4B-00C04F79EFBC}") = "05. Special Numbers", "05. Special Numbers\05. Special Numbers.csproj", "{75B35155-2D96-4797-8957-B9C4E3238C20}"
EndProject
Global
	GlobalSection(SolutionConfigurationPlatforms) = preSolution
		Debug|Any CPU = Debug|Any CPU
		Release|Any CPU = Release|Any CPU
	EndGlobalSection
	GlobalSection(ProjectConfigurationPlatforms) = postSolution
		{75B35155-2D96-4797-8957-B9C4E3238C20}.Debug|Any CPU.ActiveCfg = Debug|Any CPU
		{75B35155-2D96-4797-8957-B9C4E3238C20}.Debug|Any CPU.Build.0 = Debug|Any CPU
		{75B35155-2D96-4797-8957-B9C4E3238C20}.Release|Any CPU.ActiveCfg = Release|Any CPU
		{75B35155-2D96-4797-8957-B9C4E3238C20}.Release|Any CPU.Build.0 = Release|Any CPU
	EndGlobalSection
	GlobalSection(SolutionProperties) = preSolution
		HideSolutionNode = FALSE
	EndGlobalSection
	GlobalSection(ExtensibilityGlobals) = postSolution
		SolutionGuid = {AF49E82B-0392-468B-B26E-19973F5C1EB1}
	EndGlobalSection
EndGlobal
