
Microsoft Visual Studio Solution File, Format Version 12.00
# Visual Studio Version 17
VisualStudioVersion = 17.0.32014.148
MinimumVisualStudioVersion = 10.0.40219.1
Project("{FAE04EC0-301F-11D3-BF4B-00C04F79EFBC}") = "02. Array Modifier", "02. Array Modifier\02. Array Modifier.csproj", "{AE495C15-EEA8-4BE1-9E0B-EA53B76CF340}"
EndProject
Global
	GlobalSection(SolutionConfigurationPlatforms) = preSolution
		Debug|Any CPU = Debug|Any CPU
		Release|Any CPU = Release|Any CPU
	EndGlobalSection
	GlobalSection(ProjectConfigurationPlatforms) = postSolution
		{AE495C15-EEA8-4BE1-9E0B-EA53B76CF340}.Debug|Any CPU.ActiveCfg = Debug|Any CPU
		{AE495C15-EEA8-4BE1-9E0B-EA53B76CF340}.Debug|Any CPU.Build.0 = Debug|Any CPU
		{AE495C15-EEA8-4BE1-9E0B-EA53B76CF340}.Release|Any CPU.ActiveCfg = Release|Any CPU
		{AE495C15-EEA8-4BE1-9E0B-EA53B76CF340}.Release|Any CPU.Build.0 = Release|Any CPU
	EndGlobalSection
	GlobalSection(SolutionProperties) = preSolution
		HideSolutionNode = FALSE
	EndGlobalSection
	GlobalSection(ExtensibilityGlobals) = postSolution
		SolutionGuid = {BAB94D06-A57C-4400-A628-DEAC19271FCD}
	EndGlobalSection
EndGlobal
