
Microsoft Visual Studio Solution File, Format Version 12.00
# Visual Studio Version 17
VisualStudioVersion = 17.0.32014.148
MinimumVisualStudioVersion = 10.0.40219.1
Project("{FAE04EC0-301F-11D3-BF4B-00C04F79EFBC}") = "07. NxN Matrix", "07. NxN Matrix\07. NxN Matrix.csproj", "{B2B18A1C-53BE-4978-B594-6BD1BF7D99AB}"
EndProject
Global
	GlobalSection(SolutionConfigurationPlatforms) = preSolution
		Debug|Any CPU = Debug|Any CPU
		Release|Any CPU = Release|Any CPU
	EndGlobalSection
	GlobalSection(ProjectConfigurationPlatforms) = postSolution
		{B2B18A1C-53BE-4978-B594-6BD1BF7D99AB}.Debug|Any CPU.ActiveCfg = Debug|Any CPU
		{B2B18A1C-53BE-4978-B594-6BD1BF7D99AB}.Debug|Any CPU.Build.0 = Debug|Any CPU
		{B2B18A1C-53BE-4978-B594-6BD1BF7D99AB}.Release|Any CPU.ActiveCfg = Release|Any CPU
		{B2B18A1C-53BE-4978-B594-6BD1BF7D99AB}.Release|Any CPU.Build.0 = Release|Any CPU
	EndGlobalSection
	GlobalSection(SolutionProperties) = preSolution
		HideSolutionNode = FALSE
	EndGlobalSection
	GlobalSection(ExtensibilityGlobals) = postSolution
		SolutionGuid = {88838BA2-6B7F-44CE-B4E0-558362BE7249}
	EndGlobalSection
EndGlobal
