
Microsoft Visual Studio Solution File, Format Version 12.00
# Visual Studio Version 17
VisualStudioVersion = 17.0.32014.148
MinimumVisualStudioVersion = 10.0.40219.1
Project("{FAE04EC0-301F-11D3-BF4B-00C04F79EFBC}") = "11. Multiplication Table 2.0", "11. Multiplication Table 2.0\11. Multiplication Table 2.0.csproj", "{7CDF2E52-2171-4B25-BAB4-B408309F8D42}"
EndProject
Global
	GlobalSection(SolutionConfigurationPlatforms) = preSolution
		Debug|Any CPU = Debug|Any CPU
		Release|Any CPU = Release|Any CPU
	EndGlobalSection
	GlobalSection(ProjectConfigurationPlatforms) = postSolution
		{7CDF2E52-2171-4B25-BAB4-B408309F8D42}.Debug|Any CPU.ActiveCfg = Debug|Any CPU
		{7CDF2E52-2171-4B25-BAB4-B408309F8D42}.Debug|Any CPU.Build.0 = Debug|Any CPU
		{7CDF2E52-2171-4B25-BAB4-B408309F8D42}.Release|Any CPU.ActiveCfg = Release|Any CPU
		{7CDF2E52-2171-4B25-BAB4-B408309F8D42}.Release|Any CPU.Build.0 = Release|Any CPU
	EndGlobalSection
	GlobalSection(SolutionProperties) = preSolution
		HideSolutionNode = FALSE
	EndGlobalSection
	GlobalSection(ExtensibilityGlobals) = postSolution
		SolutionGuid = {77F7B7AA-31AB-49A8-87F7-841DBCD9ED50}
	EndGlobalSection
EndGlobal
