
Microsoft Visual Studio Solution File, Format Version 12.00
# Visual Studio Version 17
VisualStudioVersion = 17.0.32014.148
MinimumVisualStudioVersion = 10.0.40219.1
Project("{FAE04EC0-301F-11D3-BF4B-00C04F79EFBC}") = "02. Gauss' Trick", "02. Gauss' Trick\02. Gauss' Trick.csproj", "{4CE98245-59DA-48A6-8A65-BD82881B3D06}"
EndProject
Global
	GlobalSection(SolutionConfigurationPlatforms) = preSolution
		Debug|Any CPU = Debug|Any CPU
		Release|Any CPU = Release|Any CPU
	EndGlobalSection
	GlobalSection(ProjectConfigurationPlatforms) = postSolution
		{4CE98245-59DA-48A6-8A65-BD82881B3D06}.Debug|Any CPU.ActiveCfg = Debug|Any CPU
		{4CE98245-59DA-48A6-8A65-BD82881B3D06}.Debug|Any CPU.Build.0 = Debug|Any CPU
		{4CE98245-59DA-48A6-8A65-BD82881B3D06}.Release|Any CPU.ActiveCfg = Release|Any CPU
		{4CE98245-59DA-48A6-8A65-BD82881B3D06}.Release|Any CPU.Build.0 = Release|Any CPU
	EndGlobalSection
	GlobalSection(SolutionProperties) = preSolution
		HideSolutionNode = FALSE
	EndGlobalSection
	GlobalSection(ExtensibilityGlobals) = postSolution
		SolutionGuid = {1BCE208E-E081-41B9-AEB1-31E810A452B0}
	EndGlobalSection
EndGlobal
