
Microsoft Visual Studio Solution File, Format Version 12.00
# Visual Studio Version 17
VisualStudioVersion = 17.0.32014.148
MinimumVisualStudioVersion = 10.0.40219.1
Project("{FAE04EC0-301F-11D3-BF4B-00C04F79EFBC}") = "12. Even Number", "12. Even Number\12. Even Number.csproj", "{ED059873-206D-4BC0-9FC8-E2D27B608513}"
EndProject
Global
	GlobalSection(SolutionConfigurationPlatforms) = preSolution
		Debug|Any CPU = Debug|Any CPU
		Release|Any CPU = Release|Any CPU
	EndGlobalSection
	GlobalSection(ProjectConfigurationPlatforms) = postSolution
		{ED059873-206D-4BC0-9FC8-E2D27B608513}.Debug|Any CPU.ActiveCfg = Debug|Any CPU
		{ED059873-206D-4BC0-9FC8-E2D27B608513}.Debug|Any CPU.Build.0 = Debug|Any CPU
		{ED059873-206D-4BC0-9FC8-E2D27B608513}.Release|Any CPU.ActiveCfg = Release|Any CPU
		{ED059873-206D-4BC0-9FC8-E2D27B608513}.Release|Any CPU.Build.0 = Release|Any CPU
	EndGlobalSection
	GlobalSection(SolutionProperties) = preSolution
		HideSolutionNode = FALSE
	EndGlobalSection
	GlobalSection(ExtensibilityGlobals) = postSolution
		SolutionGuid = {2BA1E3F3-54AD-4F94-8835-A450CA42C4FE}
	EndGlobalSection
EndGlobal
