
Microsoft Visual Studio Solution File, Format Version 12.00
# Visual Studio Version 17
VisualStudioVersion = 17.0.32014.148
MinimumVisualStudioVersion = 10.0.40219.1
Project("{FAE04EC0-301F-11D3-BF4B-00C04F79EFBC}") = "05. Digits, Letters and Other", "05. Digits, Letters and Other\05. Digits, Letters and Other.csproj", "{2B73748B-07E5-4FA7-93FC-CC747CA31919}"
EndProject
Global
	GlobalSection(SolutionConfigurationPlatforms) = preSolution
		Debug|Any CPU = Debug|Any CPU
		Release|Any CPU = Release|Any CPU
	EndGlobalSection
	GlobalSection(ProjectConfigurationPlatforms) = postSolution
		{2B73748B-07E5-4FA7-93FC-CC747CA31919}.Debug|Any CPU.ActiveCfg = Debug|Any CPU
		{2B73748B-07E5-4FA7-93FC-CC747CA31919}.Debug|Any CPU.Build.0 = Debug|Any CPU
		{2B73748B-07E5-4FA7-93FC-CC747CA31919}.Release|Any CPU.ActiveCfg = Release|Any CPU
		{2B73748B-07E5-4FA7-93FC-CC747CA31919}.Release|Any CPU.Build.0 = Release|Any CPU
	EndGlobalSection
	GlobalSection(SolutionProperties) = preSolution
		HideSolutionNode = FALSE
	EndGlobalSection
	GlobalSection(ExtensibilityGlobals) = postSolution
		SolutionGuid = {732184A3-FFC4-4E2F-8D1E-B08B13686DFE}
	EndGlobalSection
EndGlobal
