
Microsoft Visual Studio Solution File, Format Version 12.00
# Visual Studio Version 17
VisualStudioVersion = 17.0.32014.148
MinimumVisualStudioVersion = 10.0.40219.1
Project("{FAE04EC0-301F-11D3-BF4B-00C04F79EFBC}") = "03. Characters in Range", "03. Characters in Range\03. Characters in Range.csproj", "{4691E452-C7B3-4294-A00C-EE57AE34FB91}"
EndProject
Global
	GlobalSection(SolutionConfigurationPlatforms) = preSolution
		Debug|Any CPU = Debug|Any CPU
		Release|Any CPU = Release|Any CPU
	EndGlobalSection
	GlobalSection(ProjectConfigurationPlatforms) = postSolution
		{4691E452-C7B3-4294-A00C-EE57AE34FB91}.Debug|Any CPU.ActiveCfg = Debug|Any CPU
		{4691E452-C7B3-4294-A00C-EE57AE34FB91}.Debug|Any CPU.Build.0 = Debug|Any CPU
		{4691E452-C7B3-4294-A00C-EE57AE34FB91}.Release|Any CPU.ActiveCfg = Release|Any CPU
		{4691E452-C7B3-4294-A00C-EE57AE34FB91}.Release|Any CPU.Build.0 = Release|Any CPU
	EndGlobalSection
	GlobalSection(SolutionProperties) = preSolution
		HideSolutionNode = FALSE
	EndGlobalSection
	GlobalSection(ExtensibilityGlobals) = postSolution
		SolutionGuid = {8F042C7E-88E8-47B1-9B73-E397849F55E8}
	EndGlobalSection
EndGlobal
