
Microsoft Visual Studio Solution File, Format Version 12.00
# Visual Studio Version 17
VisualStudioVersion = 17.0.32014.148
MinimumVisualStudioVersion = 10.0.40219.1
Project("{FAE04EC0-301F-11D3-BF4B-00C04F79EFBC}") = "01. Student Information", "01. Student Information\01. Student Information.csproj", "{015F1114-0971-461B-A56C-3EC517753C24}"
EndProject
Global
	GlobalSection(SolutionConfigurationPlatforms) = preSolution
		Debug|Any CPU = Debug|Any CPU
		Release|Any CPU = Release|Any CPU
	EndGlobalSection
	GlobalSection(ProjectConfigurationPlatforms) = postSolution
		{015F1114-0971-461B-A56C-3EC517753C24}.Debug|Any CPU.ActiveCfg = Debug|Any CPU
		{015F1114-0971-461B-A56C-3EC517753C24}.Debug|Any CPU.Build.0 = Debug|Any CPU
		{015F1114-0971-461B-A56C-3EC517753C24}.Release|Any CPU.ActiveCfg = Release|Any CPU
		{015F1114-0971-461B-A56C-3EC517753C24}.Release|Any CPU.Build.0 = Release|Any CPU
	EndGlobalSection
	GlobalSection(SolutionProperties) = preSolution
		HideSolutionNode = FALSE
	EndGlobalSection
	GlobalSection(ExtensibilityGlobals) = postSolution
		SolutionGuid = {8468ECA6-89CF-4D09-B7B8-CFF62464413A}
	EndGlobalSection
EndGlobal
