
Microsoft Visual Studio Solution File, Format Version 12.00
# Visual Studio Version 17
VisualStudioVersion = 17.0.32014.148
MinimumVisualStudioVersion = 10.0.40219.1
Project("{FAE04EC0-301F-11D3-BF4B-00C04F79EFBC}") = "10. Rage Expenses", "10. Rage Expenses\10. Rage Expenses.csproj", "{A29C3B25-21DF-48CF-8731-833757235DA7}"
EndProject
Global
	GlobalSection(SolutionConfigurationPlatforms) = preSolution
		Debug|Any CPU = Debug|Any CPU
		Release|Any CPU = Release|Any CPU
	EndGlobalSection
	GlobalSection(ProjectConfigurationPlatforms) = postSolution
		{A29C3B25-21DF-48CF-8731-833757235DA7}.Debug|Any CPU.ActiveCfg = Debug|Any CPU
		{A29C3B25-21DF-48CF-8731-833757235DA7}.Debug|Any CPU.Build.0 = Debug|Any CPU
		{A29C3B25-21DF-48CF-8731-833757235DA7}.Release|Any CPU.ActiveCfg = Release|Any CPU
		{A29C3B25-21DF-48CF-8731-833757235DA7}.Release|Any CPU.Build.0 = Release|Any CPU
	EndGlobalSection
	GlobalSection(SolutionProperties) = preSolution
		HideSolutionNode = FALSE
	EndGlobalSection
	GlobalSection(ExtensibilityGlobals) = postSolution
		SolutionGuid = {6A022C7C-D14A-440C-82B9-6BE8F341E2EB}
	EndGlobalSection
EndGlobal
