
Microsoft Visual Studio Solution File, Format Version 12.00
# Visual Studio Version 17
VisualStudioVersion = 17.0.32014.148
MinimumVisualStudioVersion = 10.0.40219.1
Project("{FAE04EC0-301F-11D3-BF4B-00C04F79EFBC}") = "02. Ascii Sumator", "02. Ascii Sumator\02. Ascii Sumator.csproj", "{5A3A8823-BDC4-466E-9713-FB102CEA8A42}"
EndProject
Global
	GlobalSection(SolutionConfigurationPlatforms) = preSolution
		Debug|Any CPU = Debug|Any CPU
		Release|Any CPU = Release|Any CPU
	EndGlobalSection
	GlobalSection(ProjectConfigurationPlatforms) = postSolution
		{5A3A8823-BDC4-466E-9713-FB102CEA8A42}.Debug|Any CPU.ActiveCfg = Debug|Any CPU
		{5A3A8823-BDC4-466E-9713-FB102CEA8A42}.Debug|Any CPU.Build.0 = Debug|Any CPU
		{5A3A8823-BDC4-466E-9713-FB102CEA8A42}.Release|Any CPU.ActiveCfg = Release|Any CPU
		{5A3A8823-BDC4-466E-9713-FB102CEA8A42}.Release|Any CPU.Build.0 = Release|Any CPU
	EndGlobalSection
	GlobalSection(SolutionProperties) = preSolution
		HideSolutionNode = FALSE
	EndGlobalSection
	GlobalSection(ExtensibilityGlobals) = postSolution
		SolutionGuid = {84139530-C8A4-4502-B642-B88930AE1D0B}
	EndGlobalSection
EndGlobal
