
Microsoft Visual Studio Solution File, Format Version 12.00
# Visual Studio Version 17
VisualStudioVersion = 17.0.32014.148
MinimumVisualStudioVersion = 10.0.40219.1
Project("{FAE04EC0-301F-11D3-BF4B-00C04F79EFBC}") = "06. Student Academy", "06. Student Academy\06. Student Academy.csproj", "{32522384-BD34-4787-83DE-C2B5968BBA4B}"
EndProject
Global
	GlobalSection(SolutionConfigurationPlatforms) = preSolution
		Debug|Any CPU = Debug|Any CPU
		Release|Any CPU = Release|Any CPU
	EndGlobalSection
	GlobalSection(ProjectConfigurationPlatforms) = postSolution
		{32522384-BD34-4787-83DE-C2B5968BBA4B}.Debug|Any CPU.ActiveCfg = Debug|Any CPU
		{32522384-BD34-4787-83DE-C2B5968BBA4B}.Debug|Any CPU.Build.0 = Debug|Any CPU
		{32522384-BD34-4787-83DE-C2B5968BBA4B}.Release|Any CPU.ActiveCfg = Release|Any CPU
		{32522384-BD34-4787-83DE-C2B5968BBA4B}.Release|Any CPU.Build.0 = Release|Any CPU
	EndGlobalSection
	GlobalSection(SolutionProperties) = preSolution
		HideSolutionNode = FALSE
	EndGlobalSection
	GlobalSection(ExtensibilityGlobals) = postSolution
		SolutionGuid = {664D570C-7EAB-4D23-9C3C-EFC3D9B8DFD3}
	EndGlobalSection
EndGlobal
