
Microsoft Visual Studio Solution File, Format Version 12.00
# Visual Studio Version 17
VisualStudioVersion = 17.0.32014.148
MinimumVisualStudioVersion = 10.0.40219.1
Project("{FAE04EC0-301F-11D3-BF4B-00C04F79EFBC}") = "05. Courses", "05. Courses\05. Courses.csproj", "{197D260A-4F98-4796-B167-69559681B992}"
EndProject
Global
	GlobalSection(SolutionConfigurationPlatforms) = preSolution
		Debug|Any CPU = Debug|Any CPU
		Release|Any CPU = Release|Any CPU
	EndGlobalSection
	GlobalSection(ProjectConfigurationPlatforms) = postSolution
		{197D260A-4F98-4796-B167-69559681B992}.Debug|Any CPU.ActiveCfg = Debug|Any CPU
		{197D260A-4F98-4796-B167-69559681B992}.Debug|Any CPU.Build.0 = Debug|Any CPU
		{197D260A-4F98-4796-B167-69559681B992}.Release|Any CPU.ActiveCfg = Release|Any CPU
		{197D260A-4F98-4796-B167-69559681B992}.Release|Any CPU.Build.0 = Release|Any CPU
	EndGlobalSection
	GlobalSection(SolutionProperties) = preSolution
		HideSolutionNode = FALSE
	EndGlobalSection
	GlobalSection(ExtensibilityGlobals) = postSolution
		SolutionGuid = {871E5810-15A3-4A09-B4C5-3FBDFF40528A}
	EndGlobalSection
EndGlobal
