
Microsoft Visual Studio Solution File, Format Version 12.00
# Visual Studio Version 17
VisualStudioVersion = 17.0.32014.148
MinimumVisualStudioVersion = 10.0.40219.1
Project("{FAE04EC0-301F-11D3-BF4B-00C04F79EFBC}") = "01. Debit Card Number", "01. Debit Card Number\01. Debit Card Number.csproj", "{EA72D9DD-B402-4BC1-9284-BC60C128F953}"
EndProject
Global
	GlobalSection(SolutionConfigurationPlatforms) = preSolution
		Debug|Any CPU = Debug|Any CPU
		Release|Any CPU = Release|Any CPU
	EndGlobalSection
	GlobalSection(ProjectConfigurationPlatforms) = postSolution
		{EA72D9DD-B402-4BC1-9284-BC60C128F953}.Debug|Any CPU.ActiveCfg = Debug|Any CPU
		{EA72D9DD-B402-4BC1-9284-BC60C128F953}.Debug|Any CPU.Build.0 = Debug|Any CPU
		{EA72D9DD-B402-4BC1-9284-BC60C128F953}.Release|Any CPU.ActiveCfg = Release|Any CPU
		{EA72D9DD-B402-4BC1-9284-BC60C128F953}.Release|Any CPU.Build.0 = Release|Any CPU
	EndGlobalSection
	GlobalSection(SolutionProperties) = preSolution
		HideSolutionNode = FALSE
	EndGlobalSection
	GlobalSection(ExtensibilityGlobals) = postSolution
		SolutionGuid = {306A2093-1BE6-440A-8424-A7B6AC305E24}
	EndGlobalSection
EndGlobal
