
Microsoft Visual Studio Solution File, Format Version 12.00
# Visual Studio Version 17
VisualStudioVersion = 17.0.32014.148
MinimumVisualStudioVersion = 10.0.40219.1
Project("{FAE04EC0-301F-11D3-BF4B-00C04F79EFBC}") = "03. Miles to Kilometers", "03. Miles to Kilometers\03. Miles to Kilometers.csproj", "{D59D50EA-1DB3-4FEB-B078-8C252E27F640}"
EndProject
Global
	GlobalSection(SolutionConfigurationPlatforms) = preSolution
		Debug|Any CPU = Debug|Any CPU
		Release|Any CPU = Release|Any CPU
	EndGlobalSection
	GlobalSection(ProjectConfigurationPlatforms) = postSolution
		{D59D50EA-1DB3-4FEB-B078-8C252E27F640}.Debug|Any CPU.ActiveCfg = Debug|Any CPU
		{D59D50EA-1DB3-4FEB-B078-8C252E27F640}.Debug|Any CPU.Build.0 = Debug|Any CPU
		{D59D50EA-1DB3-4FEB-B078-8C252E27F640}.Release|Any CPU.ActiveCfg = Release|Any CPU
		{D59D50EA-1DB3-4FEB-B078-8C252E27F640}.Release|Any CPU.Build.0 = Release|Any CPU
	EndGlobalSection
	GlobalSection(SolutionProperties) = preSolution
		HideSolutionNode = FALSE
	EndGlobalSection
	GlobalSection(ExtensibilityGlobals) = postSolution
		SolutionGuid = {A6AB6A20-C827-41E8-85FE-D4D7370DD6B1}
	EndGlobalSection
EndGlobal
