
Microsoft Visual Studio Solution File, Format Version 12.00
# Visual Studio Version 17
VisualStudioVersion = 17.0.32014.148
MinimumVisualStudioVersion = 10.0.40219.1
Project("{FAE04EC0-301F-11D3-BF4B-00C04F79EFBC}") = "01. SoftUni Reception", "01. SoftUni Reception\01. SoftUni Reception.csproj", "{6FCE1B18-D30B-4783-A408-5E7B6AA78977}"
EndProject
Global
	GlobalSection(SolutionConfigurationPlatforms) = preSolution
		Debug|Any CPU = Debug|Any CPU
		Release|Any CPU = Release|Any CPU
	EndGlobalSection
	GlobalSection(ProjectConfigurationPlatforms) = postSolution
		{6FCE1B18-D30B-4783-A408-5E7B6AA78977}.Debug|Any CPU.ActiveCfg = Debug|Any CPU
		{6FCE1B18-D30B-4783-A408-5E7B6AA78977}.Debug|Any CPU.Build.0 = Debug|Any CPU
		{6FCE1B18-D30B-4783-A408-5E7B6AA78977}.Release|Any CPU.ActiveCfg = Release|Any CPU
		{6FCE1B18-D30B-4783-A408-5E7B6AA78977}.Release|Any CPU.Build.0 = Release|Any CPU
	EndGlobalSection
	GlobalSection(SolutionProperties) = preSolution
		HideSolutionNode = FALSE
	EndGlobalSection
	GlobalSection(ExtensibilityGlobals) = postSolution
		SolutionGuid = {A3B6C123-6F38-49A5-A783-C2DD8D1D14E1}
	EndGlobalSection
EndGlobal
